// !$*UTF8*$!
{
	archiveVersion = 1;
	classes = {
	};
	objectVersion = 46;
	objects = {

/* Begin PBXBuildFile section */
		8605E6061A6EE9BE004C7E8F /* AudioToolbox.framework in Frameworks */ = {isa = PBXBuildFile; fileRef = 8605E6051A6EE9BE004C7E8F /* AudioToolbox.framework */; };
		8605E6081A6EE9C3004C7E8F /* CFNetwork.framework in Frameworks */ = {isa = PBXBuildFile; fileRef = 8605E6071A6EE9C3004C7E8F /* CFNetwork.framework */; };
		8605E60A1A6EE9C8004C7E8F /* CoreGraphics.framework in Frameworks */ = {isa = PBXBuildFile; fileRef = 8605E6091A6EE9C8004C7E8F /* CoreGraphics.framework */; };
		8605E60C1A6EE9D2004C7E8F /* MobileCoreServices.framework in Frameworks */ = {isa = PBXBuildFile; fileRef = 8605E60B1A6EE9D2004C7E8F /* MobileCoreServices.framework */; };
		8605E60E1A6EE9D8004C7E8F /* QuartzCore.framework in Frameworks */ = {isa = PBXBuildFile; fileRef = 8605E60D1A6EE9D8004C7E8F /* QuartzCore.framework */; };
		8605E6101A6EE9DD004C7E8F /* Security.framework in Frameworks */ = {isa = PBXBuildFile; fileRef = 8605E60F1A6EE9DD004C7E8F /* Security.framework */; };
		8605E6121A6EE9E1004C7E8F /* StoreKit.framework in Frameworks */ = {isa = PBXBuildFile; fileRef = 8605E6111A6EE9E1004C7E8F /* StoreKit.framework */; };
		8605E6141A6EE9E7004C7E8F /* SystemConfiguration.framework in Frameworks */ = {isa = PBXBuildFile; fileRef = 8605E6131A6EE9E7004C7E8F /* SystemConfiguration.framework */; };
		8605E6161A6EE9EE004C7E8F /* libz.dylib in Frameworks */ = {isa = PBXBuildFile; fileRef = 8605E6151A6EE9EE004C7E8F /* libz.dylib */; };
		8605E6181A6EE9F2004C7E8F /* libsqlite3.dylib in Frameworks */ = {isa = PBXBuildFile; fileRef = 8605E6171A6EE9F2004C7E8F /* libsqlite3.dylib */; };
		8605E61A1A6EE9F6004C7E8F /* Social.framework in Frameworks */ = {isa = PBXBuildFile; fileRef = 8605E6191A6EE9F6004C7E8F /* Social.framework */; };
		8605E61C1A6EE9FA004C7E8F /* Accounts.framework in Frameworks */ = {isa = PBXBuildFile; fileRef = 8605E61B1A6EE9FA004C7E8F /* Accounts.framework */; };
		861FAA421A5E16CC003BEB5C /* InviteFriendTableViewController.m in Sources */ = {isa = PBXBuildFile; fileRef = 861FAA411A5E16CC003BEB5C /* InviteFriendTableViewController.m */; };
		861FAA471A5E277F003BEB5C /* Main.storyboard in Resources */ = {isa = PBXBuildFile; fileRef = 864368761A39204F00A7F930 /* Main.storyboard */; };
		861FAA4A1A5E286A003BEB5C /* CreateEventViewController.m in Sources */ = {isa = PBXBuildFile; fileRef = 861FAA491A5E286A003BEB5C /* CreateEventViewController.m */; };
		864368801A39204F00A7F930 /* AppDelegate.m in Sources */ = {isa = PBXBuildFile; fileRef = 864368721A39204F00A7F930 /* AppDelegate.m */; };
		864368831A39204F00A7F930 /* FriendAnnotation.m in Sources */ = {isa = PBXBuildFile; fileRef = 8643687A1A39204F00A7F930 /* FriendAnnotation.m */; };
		864368841A39204F00A7F930 /* MapViewController.m in Sources */ = {isa = PBXBuildFile; fileRef = 8643687C1A39204F00A7F930 /* MapViewController.m */; };
		864368851A39204F00A7F930 /* Images.xcassets in Resources */ = {isa = PBXBuildFile; fileRef = 8643687D1A39204F00A7F930 /* Images.xcassets */; };
		864368871A39204F00A7F930 /* main.m in Sources */ = {isa = PBXBuildFile; fileRef = 8643687F1A39204F00A7F930 /* main.m */; };
		8643688A1A3920C100A7F930 /* FriendAnnotationView.m in Sources */ = {isa = PBXBuildFile; fileRef = 864368891A3920C100A7F930 /* FriendAnnotationView.m */; };
		8643688B1A3929B600A7F930 /* LaunchScreen.xib in Resources */ = {isa = PBXBuildFile; fileRef = 864368741A39204F00A7F930 /* LaunchScreen.xib */; };
		8643688F1A392D6C00A7F930 /* DetailViewController.m in Sources */ = {isa = PBXBuildFile; fileRef = 8643688E1A392D6C00A7F930 /* DetailViewController.m */; };
		865251BC1A7C3CE100523F5D /* SettingsViewController.m in Sources */ = {isa = PBXBuildFile; fileRef = 865251BB1A7C3CE100523F5D /* SettingsViewController.m */; };
		8653DA8A1A71AD9B00A3B765 /* LoginViewController.m in Sources */ = {isa = PBXBuildFile; fileRef = 8653DA891A71AD9B00A3B765 /* LoginViewController.m */; };
		86822CD61A76BEC2005E09B2 /* NewUserViewController.m in Sources */ = {isa = PBXBuildFile; fileRef = 86822CD51A76BEC2005E09B2 /* NewUserViewController.m */; };
		8686EFEB1A7EE37300B143B3 /* ParseUI.framework in Frameworks */ = {isa = PBXBuildFile; fileRef = 8686EFEA1A7EE37300B143B3 /* ParseUI.framework */; };
		8686EFF41A7FC32D00B143B3 /* NewEventTableViewController.m in Sources */ = {isa = PBXBuildFile; fileRef = 8686EFF31A7FC32D00B143B3 /* NewEventTableViewController.m */; };
		8689F05B1A793FA20067AD13 /* ma_leftArrow.png in Resources */ = {isa = PBXBuildFile; fileRef = 8689F0561A793FA20067AD13 /* ma_leftArrow.png */; };
		8689F05C1A793FA20067AD13 /* ma_leftArrow@2x.png in Resources */ = {isa = PBXBuildFile; fileRef = 8689F0571A793FA20067AD13 /* ma_leftArrow@2x.png */; };
		8689F05D1A793FA20067AD13 /* ma_rightArrow.png in Resources */ = {isa = PBXBuildFile; fileRef = 8689F0581A793FA20067AD13 /* ma_rightArrow.png */; };
		8689F05E1A793FA20067AD13 /* ma_rightArrow@2x.png in Resources */ = {isa = PBXBuildFile; fileRef = 8689F0591A793FA20067AD13 /* ma_rightArrow@2x.png */; };
		8689F05F1A793FA20067AD13 /* ma_topBackground.png in Resources */ = {isa = PBXBuildFile; fileRef = 8689F05A1A793FA20067AD13 /* ma_topBackground.png */; };
		8689F0621A7940C90067AD13 /* Bolts.framework in Frameworks */ = {isa = PBXBuildFile; fileRef = 8689F0601A7940C90067AD13 /* Bolts.framework */; };
		8689F0631A7940C90067AD13 /* Parse.framework in Frameworks */ = {isa = PBXBuildFile; fileRef = 8689F0611A7940C90067AD13 /* Parse.framework */; };
		8689F0731A7942370067AD13 /* MADayView.m in Sources */ = {isa = PBXBuildFile; fileRef = 8689F06A1A7942370067AD13 /* MADayView.m */; };
		8689F0741A7942370067AD13 /* MAEvent.m in Sources */ = {isa = PBXBuildFile; fileRef = 8689F06C1A7942370067AD13 /* MAEvent.m */; };
		8689F0751A7942370067AD13 /* MAGridView.m in Sources */ = {isa = PBXBuildFile; fileRef = 8689F06E1A7942370067AD13 /* MAGridView.m */; };
		8689F0761A7942370067AD13 /* MAWeekView.m in Sources */ = {isa = PBXBuildFile; fileRef = 8689F0701A7942370067AD13 /* MAWeekView.m */; };
		8689F0771A7942370067AD13 /* TapDetectingView.m in Sources */ = {isa = PBXBuildFile; fileRef = 8689F0721A7942370067AD13 /* TapDetectingView.m */; };
		8689F07A1A7984080067AD13 /* DayViewController.m in Sources */ = {isa = PBXBuildFile; fileRef = 8689F0791A7984080067AD13 /* DayViewController.m */; };
		86CE8FCF1A756D190088DA8F /* SettingsSegue.m in Sources */ = {isa = PBXBuildFile; fileRef = 86CE8FCE1A756D190088DA8F /* SettingsSegue.m */; };
		86CFEBEF1A391E2A00D5D071 /* Ping2Tests.m in Sources */ = {isa = PBXBuildFile; fileRef = 86CFEBEE1A391E2A00D5D071 /* Ping2Tests.m */; };
/* End PBXBuildFile section */

/* Begin PBXContainerItemProxy section */
		86CFEBE91A391E2A00D5D071 /* PBXContainerItemProxy */ = {
			isa = PBXContainerItemProxy;
			containerPortal = 86CFEBC71A391E2A00D5D071 /* Project object */;
			proxyType = 1;
			remoteGlobalIDString = 86CFEBCE1A391E2A00D5D071;
			remoteInfo = Ping2;
		};
/* End PBXContainerItemProxy section */

/* Begin PBXFileReference section */
		8605E6051A6EE9BE004C7E8F /* AudioToolbox.framework */ = {isa = PBXFileReference; lastKnownFileType = wrapper.framework; name = AudioToolbox.framework; path = System/Library/Frameworks/AudioToolbox.framework; sourceTree = SDKROOT; };
		8605E6071A6EE9C3004C7E8F /* CFNetwork.framework */ = {isa = PBXFileReference; lastKnownFileType = wrapper.framework; name = CFNetwork.framework; path = System/Library/Frameworks/CFNetwork.framework; sourceTree = SDKROOT; };
		8605E6091A6EE9C8004C7E8F /* CoreGraphics.framework */ = {isa = PBXFileReference; lastKnownFileType = wrapper.framework; name = CoreGraphics.framework; path = System/Library/Frameworks/CoreGraphics.framework; sourceTree = SDKROOT; };
		8605E60B1A6EE9D2004C7E8F /* MobileCoreServices.framework */ = {isa = PBXFileReference; lastKnownFileType = wrapper.framework; name = MobileCoreServices.framework; path = System/Library/Frameworks/MobileCoreServices.framework; sourceTree = SDKROOT; };
		8605E60D1A6EE9D8004C7E8F /* QuartzCore.framework */ = {isa = PBXFileReference; lastKnownFileType = wrapper.framework; name = QuartzCore.framework; path = System/Library/Frameworks/QuartzCore.framework; sourceTree = SDKROOT; };
		8605E60F1A6EE9DD004C7E8F /* Security.framework */ = {isa = PBXFileReference; lastKnownFileType = wrapper.framework; name = Security.framework; path = System/Library/Frameworks/Security.framework; sourceTree = SDKROOT; };
		8605E6111A6EE9E1004C7E8F /* StoreKit.framework */ = {isa = PBXFileReference; lastKnownFileType = wrapper.framework; name = StoreKit.framework; path = System/Library/Frameworks/StoreKit.framework; sourceTree = SDKROOT; };
		8605E6131A6EE9E7004C7E8F /* SystemConfiguration.framework */ = {isa = PBXFileReference; lastKnownFileType = wrapper.framework; name = SystemConfiguration.framework; path = System/Library/Frameworks/SystemConfiguration.framework; sourceTree = SDKROOT; };
		8605E6151A6EE9EE004C7E8F /* libz.dylib */ = {isa = PBXFileReference; lastKnownFileType = "compiled.mach-o.dylib"; name = libz.dylib; path = usr/lib/libz.dylib; sourceTree = SDKROOT; };
		8605E6171A6EE9F2004C7E8F /* libsqlite3.dylib */ = {isa = PBXFileReference; lastKnownFileType = "compiled.mach-o.dylib"; name = libsqlite3.dylib; path = usr/lib/libsqlite3.dylib; sourceTree = SDKROOT; };
		8605E6191A6EE9F6004C7E8F /* Social.framework */ = {isa = PBXFileReference; lastKnownFileType = wrapper.framework; name = Social.framework; path = System/Library/Frameworks/Social.framework; sourceTree = SDKROOT; };
		8605E61B1A6EE9FA004C7E8F /* Accounts.framework */ = {isa = PBXFileReference; lastKnownFileType = wrapper.framework; name = Accounts.framework; path = System/Library/Frameworks/Accounts.framework; sourceTree = SDKROOT; };
		861FAA401A5E16CC003BEB5C /* InviteFriendTableViewController.h */ = {isa = PBXFileReference; fileEncoding = 4; lastKnownFileType = sourcecode.c.h; path = InviteFriendTableViewController.h; sourceTree = "<group>"; };
		861FAA411A5E16CC003BEB5C /* InviteFriendTableViewController.m */ = {isa = PBXFileReference; fileEncoding = 4; lastKnownFileType = sourcecode.c.objc; path = InviteFriendTableViewController.m; sourceTree = "<group>"; };
		861FAA481A5E286A003BEB5C /* CreateEventViewController.h */ = {isa = PBXFileReference; fileEncoding = 4; lastKnownFileType = sourcecode.c.h; path = CreateEventViewController.h; sourceTree = "<group>"; };
		861FAA491A5E286A003BEB5C /* CreateEventViewController.m */ = {isa = PBXFileReference; fileEncoding = 4; lastKnownFileType = sourcecode.c.objc; path = CreateEventViewController.m; sourceTree = "<group>"; };
		864368711A39204F00A7F930 /* AppDelegate.h */ = {isa = PBXFileReference; fileEncoding = 4; lastKnownFileType = sourcecode.c.h; path = AppDelegate.h; sourceTree = "<group>"; };
		864368721A39204F00A7F930 /* AppDelegate.m */ = {isa = PBXFileReference; fileEncoding = 4; lastKnownFileType = sourcecode.c.objc; path = AppDelegate.m; sourceTree = "<group>"; };
		864368751A39204F00A7F930 /* Base */ = {isa = PBXFileReference; lastKnownFileType = file.xib; name = Base; path = LaunchScreen.xib; sourceTree = "<group>"; };
		864368771A39204F00A7F930 /* Base */ = {isa = PBXFileReference; lastKnownFileType = file.storyboard; name = Base; path = Main.storyboard; sourceTree = "<group>"; };
		864368791A39204F00A7F930 /* FriendAnnotation.h */ = {isa = PBXFileReference; fileEncoding = 4; lastKnownFileType = sourcecode.c.h; path = FriendAnnotation.h; sourceTree = "<group>"; };
		8643687A1A39204F00A7F930 /* FriendAnnotation.m */ = {isa = PBXFileReference; fileEncoding = 4; lastKnownFileType = sourcecode.c.objc; path = FriendAnnotation.m; sourceTree = "<group>"; };
		8643687B1A39204F00A7F930 /* MapViewController.h */ = {isa = PBXFileReference; fileEncoding = 4; lastKnownFileType = sourcecode.c.h; path = MapViewController.h; sourceTree = "<group>"; };
		8643687C1A39204F00A7F930 /* MapViewController.m */ = {isa = PBXFileReference; fileEncoding = 4; lastKnownFileType = sourcecode.c.objc; path = MapViewController.m; sourceTree = "<group>"; };
		8643687D1A39204F00A7F930 /* Images.xcassets */ = {isa = PBXFileReference; lastKnownFileType = folder.assetcatalog; path = Images.xcassets; sourceTree = "<group>"; };
		8643687E1A39204F00A7F930 /* Info.plist */ = {isa = PBXFileReference; fileEncoding = 4; lastKnownFileType = text.plist.xml; path = Info.plist; sourceTree = "<group>"; };
		8643687F1A39204F00A7F930 /* main.m */ = {isa = PBXFileReference; fileEncoding = 4; lastKnownFileType = sourcecode.c.objc; path = main.m; sourceTree = "<group>"; };
		864368881A3920C100A7F930 /* FriendAnnotationView.h */ = {isa = PBXFileReference; fileEncoding = 4; lastKnownFileType = sourcecode.c.h; path = FriendAnnotationView.h; sourceTree = "<group>"; };
		864368891A3920C100A7F930 /* FriendAnnotationView.m */ = {isa = PBXFileReference; fileEncoding = 4; lastKnownFileType = sourcecode.c.objc; path = FriendAnnotationView.m; sourceTree = "<group>"; };
		8643688D1A392D6C00A7F930 /* DetailViewController.h */ = {isa = PBXFileReference; fileEncoding = 4; lastKnownFileType = sourcecode.c.h; name = DetailViewController.h; path = Ping2/Classes/DetailViewController.h; sourceTree = SOURCE_ROOT; };
		8643688E1A392D6C00A7F930 /* DetailViewController.m */ = {isa = PBXFileReference; fileEncoding = 4; lastKnownFileType = sourcecode.c.objc; name = DetailViewController.m; path = Ping2/Classes/DetailViewController.m; sourceTree = SOURCE_ROOT; };
		865251BA1A7C3CE100523F5D /* SettingsViewController.h */ = {isa = PBXFileReference; fileEncoding = 4; lastKnownFileType = sourcecode.c.h; path = SettingsViewController.h; sourceTree = "<group>"; };
		865251BB1A7C3CE100523F5D /* SettingsViewController.m */ = {isa = PBXFileReference; fileEncoding = 4; lastKnownFileType = sourcecode.c.objc; path = SettingsViewController.m; sourceTree = "<group>"; };
		8653DA881A71AD9B00A3B765 /* LoginViewController.h */ = {isa = PBXFileReference; fileEncoding = 4; lastKnownFileType = sourcecode.c.h; path = LoginViewController.h; sourceTree = "<group>"; };
		8653DA891A71AD9B00A3B765 /* LoginViewController.m */ = {isa = PBXFileReference; fileEncoding = 4; lastKnownFileType = sourcecode.c.objc; path = LoginViewController.m; sourceTree = "<group>"; };
		86822CD41A76BEC2005E09B2 /* NewUserViewController.h */ = {isa = PBXFileReference; fileEncoding = 4; lastKnownFileType = sourcecode.c.h; path = NewUserViewController.h; sourceTree = "<group>"; };
		86822CD51A76BEC2005E09B2 /* NewUserViewController.m */ = {isa = PBXFileReference; fileEncoding = 4; lastKnownFileType = sourcecode.c.objc; path = NewUserViewController.m; sourceTree = "<group>"; };
		8686EFEA1A7EE37300B143B3 /* ParseUI.framework */ = {isa = PBXFileReference; lastKnownFileType = wrapper.framework; name = ParseUI.framework; path = "../../../../../../../../../Downloads/parse-library-1.6.2 (1)/ParseUI.framework"; sourceTree = "<group>"; };
		8686EFF21A7FC32D00B143B3 /* NewEventTableViewController.h */ = {isa = PBXFileReference; fileEncoding = 4; lastKnownFileType = sourcecode.c.h; name = NewEventTableViewController.h; path = Ping2/Classes/NewEventTableViewController.h; sourceTree = SOURCE_ROOT; };
		8686EFF31A7FC32D00B143B3 /* NewEventTableViewController.m */ = {isa = PBXFileReference; fileEncoding = 4; lastKnownFileType = sourcecode.c.objc; name = NewEventTableViewController.m; path = Ping2/Classes/NewEventTableViewController.m; sourceTree = SOURCE_ROOT; };
		8689F0561A793FA20067AD13 /* ma_leftArrow.png */ = {isa = PBXFileReference; lastKnownFileType = image.png; path = ma_leftArrow.png; sourceTree = "<group>"; };
		8689F0571A793FA20067AD13 /* ma_leftArrow@2x.png */ = {isa = PBXFileReference; lastKnownFileType = image.png; path = "ma_leftArrow@2x.png"; sourceTree = "<group>"; };
		8689F0581A793FA20067AD13 /* ma_rightArrow.png */ = {isa = PBXFileReference; lastKnownFileType = image.png; path = ma_rightArrow.png; sourceTree = "<group>"; };
		8689F0591A793FA20067AD13 /* ma_rightArrow@2x.png */ = {isa = PBXFileReference; lastKnownFileType = image.png; path = "ma_rightArrow@2x.png"; sourceTree = "<group>"; };
		8689F05A1A793FA20067AD13 /* ma_topBackground.png */ = {isa = PBXFileReference; lastKnownFileType = image.png; path = ma_topBackground.png; sourceTree = "<group>"; };
		8689F0601A7940C90067AD13 /* Bolts.framework */ = {isa = PBXFileReference; lastKnownFileType = wrapper.framework; name = Bolts.framework; path = ../../Bolts.framework; sourceTree = "<group>"; };
		8689F0611A7940C90067AD13 /* Parse.framework */ = {isa = PBXFileReference; lastKnownFileType = wrapper.framework; name = Parse.framework; path = ../../Parse.framework; sourceTree = "<group>"; };
		8689F0691A7942370067AD13 /* MADayView.h */ = {isa = PBXFileReference; fileEncoding = 4; lastKnownFileType = sourcecode.c.h; path = MADayView.h; sourceTree = "<group>"; };
		8689F06A1A7942370067AD13 /* MADayView.m */ = {isa = PBXFileReference; fileEncoding = 4; lastKnownFileType = sourcecode.c.objc; path = MADayView.m; sourceTree = "<group>"; };
		8689F06B1A7942370067AD13 /* MAEvent.h */ = {isa = PBXFileReference; fileEncoding = 4; lastKnownFileType = sourcecode.c.h; path = MAEvent.h; sourceTree = "<group>"; };
		8689F06C1A7942370067AD13 /* MAEvent.m */ = {isa = PBXFileReference; fileEncoding = 4; lastKnownFileType = sourcecode.c.objc; path = MAEvent.m; sourceTree = "<group>"; };
		8689F06D1A7942370067AD13 /* MAGridView.h */ = {isa = PBXFileReference; fileEncoding = 4; lastKnownFileType = sourcecode.c.h; path = MAGridView.h; sourceTree = "<group>"; };
		8689F06E1A7942370067AD13 /* MAGridView.m */ = {isa = PBXFileReference; fileEncoding = 4; lastKnownFileType = sourcecode.c.objc; path = MAGridView.m; sourceTree = "<group>"; };
		8689F06F1A7942370067AD13 /* MAWeekView.h */ = {isa = PBXFileReference; fileEncoding = 4; lastKnownFileType = sourcecode.c.h; path = MAWeekView.h; sourceTree = "<group>"; };
		8689F0701A7942370067AD13 /* MAWeekView.m */ = {isa = PBXFileReference; fileEncoding = 4; lastKnownFileType = sourcecode.c.objc; path = MAWeekView.m; sourceTree = "<group>"; };
		8689F0711A7942370067AD13 /* TapDetectingView.h */ = {isa = PBXFileReference; fileEncoding = 4; lastKnownFileType = sourcecode.c.h; path = TapDetectingView.h; sourceTree = "<group>"; };
		8689F0721A7942370067AD13 /* TapDetectingView.m */ = {isa = PBXFileReference; fileEncoding = 4; lastKnownFileType = sourcecode.c.objc; path = TapDetectingView.m; sourceTree = "<group>"; };
		8689F0781A7984080067AD13 /* DayViewController.h */ = {isa = PBXFileReference; fileEncoding = 4; lastKnownFileType = sourcecode.c.h; path = DayViewController.h; sourceTree = "<group>"; };
		8689F0791A7984080067AD13 /* DayViewController.m */ = {isa = PBXFileReference; fileEncoding = 4; lastKnownFileType = sourcecode.c.objc; path = DayViewController.m; sourceTree = "<group>"; };
		86CE8FCD1A756D190088DA8F /* SettingsSegue.h */ = {isa = PBXFileReference; fileEncoding = 4; lastKnownFileType = sourcecode.c.h; path = SettingsSegue.h; sourceTree = "<group>"; };
		86CE8FCE1A756D190088DA8F /* SettingsSegue.m */ = {isa = PBXFileReference; fileEncoding = 4; lastKnownFileType = sourcecode.c.objc; path = SettingsSegue.m; sourceTree = "<group>"; };
		86CFEBCF1A391E2A00D5D071 /* Ping2.app */ = {isa = PBXFileReference; explicitFileType = wrapper.application; includeInIndex = 0; path = Ping2.app; sourceTree = BUILT_PRODUCTS_DIR; };
		86CFEBE81A391E2A00D5D071 /* Ping2Tests.xctest */ = {isa = PBXFileReference; explicitFileType = wrapper.cfbundle; includeInIndex = 0; path = Ping2Tests.xctest; sourceTree = BUILT_PRODUCTS_DIR; };
		86CFEBED1A391E2A00D5D071 /* Info.plist */ = {isa = PBXFileReference; lastKnownFileType = text.plist.xml; path = Info.plist; sourceTree = "<group>"; };
		86CFEBEE1A391E2A00D5D071 /* Ping2Tests.m */ = {isa = PBXFileReference; lastKnownFileType = sourcecode.c.objc; path = Ping2Tests.m; sourceTree = "<group>"; };
/* End PBXFileReference section */

/* Begin PBXFrameworksBuildPhase section */
		86CFEBCC1A391E2A00D5D071 /* Frameworks */ = {
			isa = PBXFrameworksBuildPhase;
			buildActionMask = 2147483647;
			files = (
				8605E61C1A6EE9FA004C7E8F /* Accounts.framework in Frameworks */,
				8605E61A1A6EE9F6004C7E8F /* Social.framework in Frameworks */,
				8605E6181A6EE9F2004C7E8F /* libsqlite3.dylib in Frameworks */,
				8605E6161A6EE9EE004C7E8F /* libz.dylib in Frameworks */,
				8605E6141A6EE9E7004C7E8F /* SystemConfiguration.framework in Frameworks */,
				8605E6121A6EE9E1004C7E8F /* StoreKit.framework in Frameworks */,
				8605E6101A6EE9DD004C7E8F /* Security.framework in Frameworks */,
				8689F0621A7940C90067AD13 /* Bolts.framework in Frameworks */,
				8605E60E1A6EE9D8004C7E8F /* QuartzCore.framework in Frameworks */,
				8605E60C1A6EE9D2004C7E8F /* MobileCoreServices.framework in Frameworks */,
				8689F0631A7940C90067AD13 /* Parse.framework in Frameworks */,
				8605E60A1A6EE9C8004C7E8F /* CoreGraphics.framework in Frameworks */,
				8686EFEB1A7EE37300B143B3 /* ParseUI.framework in Frameworks */,
				8605E6081A6EE9C3004C7E8F /* CFNetwork.framework in Frameworks */,
				8605E6061A6EE9BE004C7E8F /* AudioToolbox.framework in Frameworks */,
			);
			runOnlyForDeploymentPostprocessing = 0;
		};
		86CFEBE51A391E2A00D5D071 /* Frameworks */ = {
			isa = PBXFrameworksBuildPhase;
			buildActionMask = 2147483647;
			files = (
			);
			runOnlyForDeploymentPostprocessing = 0;
		};
/* End PBXFrameworksBuildPhase section */

/* Begin PBXGroup section */
		8605E6001A6EE979004C7E8F /* Frameworks */ = {
			isa = PBXGroup;
			children = (
				8686EFEA1A7EE37300B143B3 /* ParseUI.framework */,
				8689F0601A7940C90067AD13 /* Bolts.framework */,
				8689F0611A7940C90067AD13 /* Parse.framework */,
				8605E61B1A6EE9FA004C7E8F /* Accounts.framework */,
				8605E6191A6EE9F6004C7E8F /* Social.framework */,
				8605E6171A6EE9F2004C7E8F /* libsqlite3.dylib */,
				8605E6151A6EE9EE004C7E8F /* libz.dylib */,
				8605E6131A6EE9E7004C7E8F /* SystemConfiguration.framework */,
				8605E6111A6EE9E1004C7E8F /* StoreKit.framework */,
				8605E60F1A6EE9DD004C7E8F /* Security.framework */,
				8605E60D1A6EE9D8004C7E8F /* QuartzCore.framework */,
				8605E60B1A6EE9D2004C7E8F /* MobileCoreServices.framework */,
				8605E6091A6EE9C8004C7E8F /* CoreGraphics.framework */,
				8605E6071A6EE9C3004C7E8F /* CFNetwork.framework */,
				8605E6051A6EE9BE004C7E8F /* AudioToolbox.framework */,
			);
			name = Frameworks;
			path = Ping2/Frameworks;
			sourceTree = "<group>";
		};
		864368731A39204F00A7F930 /* Base.lproj */ = {
			isa = PBXGroup;
			children = (
				864368741A39204F00A7F930 /* LaunchScreen.xib */,
				864368761A39204F00A7F930 /* Main.storyboard */,
			);
			path = Base.lproj;
			sourceTree = "<group>";
		};
		864368781A39204F00A7F930 /* Classes */ = {
			isa = PBXGroup;
			children = (
				86E5BE471A7C02A8003E2F48 /* Controllers */,
				8689F0681A7942370067AD13 /* Views for calendar-ui */,
				864368791A39204F00A7F930 /* FriendAnnotation.h */,
				8643687A1A39204F00A7F930 /* FriendAnnotation.m */,
				864368881A3920C100A7F930 /* FriendAnnotationView.h */,
				864368891A3920C100A7F930 /* FriendAnnotationView.m */,
				86CE8FCD1A756D190088DA8F /* SettingsSegue.h */,
				86CE8FCE1A756D190088DA8F /* SettingsSegue.m */,
			);
			path = Classes;
			sourceTree = "<group>";
		};
		8689F0551A793FA20067AD13 /* Images */ = {
			isa = PBXGroup;
			children = (
				8689F0561A793FA20067AD13 /* ma_leftArrow.png */,
				8689F0571A793FA20067AD13 /* ma_leftArrow@2x.png */,
				8689F0581A793FA20067AD13 /* ma_rightArrow.png */,
				8689F0591A793FA20067AD13 /* ma_rightArrow@2x.png */,
				8689F05A1A793FA20067AD13 /* ma_topBackground.png */,
			);
			path = Images;
			sourceTree = "<group>";
		};
		8689F0681A7942370067AD13 /* Views for calendar-ui */ = {
			isa = PBXGroup;
			children = (
				8689F0691A7942370067AD13 /* MADayView.h */,
				8689F06A1A7942370067AD13 /* MADayView.m */,
				8689F06B1A7942370067AD13 /* MAEvent.h */,
				8689F06C1A7942370067AD13 /* MAEvent.m */,
				8689F06D1A7942370067AD13 /* MAGridView.h */,
				8689F06E1A7942370067AD13 /* MAGridView.m */,
				8689F06F1A7942370067AD13 /* MAWeekView.h */,
				8689F0701A7942370067AD13 /* MAWeekView.m */,
				8689F0711A7942370067AD13 /* TapDetectingView.h */,
				8689F0721A7942370067AD13 /* TapDetectingView.m */,
			);
			name = "Views for calendar-ui";
			path = Views;
			sourceTree = "<group>";
		};
		86CFEBC61A391E2A00D5D071 = {
			isa = PBXGroup;
			children = (
				8605E6001A6EE979004C7E8F /* Frameworks */,
				86CFEBD11A391E2A00D5D071 /* Ping2 */,
				86CFEBEB1A391E2A00D5D071 /* Ping2Tests */,
				86CFEBD01A391E2A00D5D071 /* Products */,
			);
			sourceTree = "<group>";
		};
		86CFEBD01A391E2A00D5D071 /* Products */ = {
			isa = PBXGroup;
			children = (
				86CFEBCF1A391E2A00D5D071 /* Ping2.app */,
				86CFEBE81A391E2A00D5D071 /* Ping2Tests.xctest */,
			);
			name = Products;
			sourceTree = "<group>";
		};
		86CFEBD11A391E2A00D5D071 /* Ping2 */ = {
			isa = PBXGroup;
			children = (
				8689F0551A793FA20067AD13 /* Images */,
				864368711A39204F00A7F930 /* AppDelegate.h */,
				864368721A39204F00A7F930 /* AppDelegate.m */,
				864368731A39204F00A7F930 /* Base.lproj */,
				864368781A39204F00A7F930 /* Classes */,
				8643687D1A39204F00A7F930 /* Images.xcassets */,
				8643687E1A39204F00A7F930 /* Info.plist */,
				8643687F1A39204F00A7F930 /* main.m */,
			);
			path = Ping2;
			sourceTree = "<group>";
		};
		86CFEBEB1A391E2A00D5D071 /* Ping2Tests */ = {
			isa = PBXGroup;
			children = (
				86CFEBEE1A391E2A00D5D071 /* Ping2Tests.m */,
				86CFEBEC1A391E2A00D5D071 /* Supporting Files */,
			);
			path = Ping2Tests;
			sourceTree = "<group>";
		};
		86CFEBEC1A391E2A00D5D071 /* Supporting Files */ = {
			isa = PBXGroup;
			children = (
				86CFEBED1A391E2A00D5D071 /* Info.plist */,
			);
			name = "Supporting Files";
			sourceTree = "<group>";
		};
		86E5BE471A7C02A8003E2F48 /* Controllers */ = {
			isa = PBXGroup;
			children = (
				8686EFF21A7FC32D00B143B3 /* NewEventTableViewController.h */,
				8686EFF31A7FC32D00B143B3 /* NewEventTableViewController.m */,
				861FAA481A5E286A003BEB5C /* CreateEventViewController.h */,
				861FAA491A5E286A003BEB5C /* CreateEventViewController.m */,
				8643688D1A392D6C00A7F930 /* DetailViewController.h */,
				8643688E1A392D6C00A7F930 /* DetailViewController.m */,
				8643687B1A39204F00A7F930 /* MapViewController.h */,
				8643687C1A39204F00A7F930 /* MapViewController.m */,
				861FAA401A5E16CC003BEB5C /* InviteFriendTableViewController.h */,
				861FAA411A5E16CC003BEB5C /* InviteFriendTableViewController.m */,
				8653DA881A71AD9B00A3B765 /* LoginViewController.h */,
				8653DA891A71AD9B00A3B765 /* LoginViewController.m */,
				86822CD41A76BEC2005E09B2 /* NewUserViewController.h */,
				86822CD51A76BEC2005E09B2 /* NewUserViewController.m */,
				8689F0781A7984080067AD13 /* DayViewController.h */,
				8689F0791A7984080067AD13 /* DayViewController.m */,
				865251BA1A7C3CE100523F5D /* SettingsViewController.h */,
				865251BB1A7C3CE100523F5D /* SettingsViewController.m */,
			);
			name = Controllers;
			sourceTree = "<group>";
		};
/* End PBXGroup section */

/* Begin PBXNativeTarget section */
		86CFEBCE1A391E2A00D5D071 /* Ping2 */ = {
			isa = PBXNativeTarget;
			buildConfigurationList = 86CFEBF21A391E2A00D5D071 /* Build configuration list for PBXNativeTarget "Ping2" */;
			buildPhases = (
				86CFEBCB1A391E2A00D5D071 /* Sources */,
				86CFEBCC1A391E2A00D5D071 /* Frameworks */,
				86CFEBCD1A391E2A00D5D071 /* Resources */,
			);
			buildRules = (
			);
			dependencies = (
			);
			name = Ping2;
			productName = Ping2;
			productReference = 86CFEBCF1A391E2A00D5D071 /* Ping2.app */;
			productType = "com.apple.product-type.application";
		};
		86CFEBE71A391E2A00D5D071 /* Ping2Tests */ = {
			isa = PBXNativeTarget;
			buildConfigurationList = 86CFEBF51A391E2A00D5D071 /* Build configuration list for PBXNativeTarget "Ping2Tests" */;
			buildPhases = (
				86CFEBE41A391E2A00D5D071 /* Sources */,
				86CFEBE51A391E2A00D5D071 /* Frameworks */,
				86CFEBE61A391E2A00D5D071 /* Resources */,
			);
			buildRules = (
			);
			dependencies = (
				86CFEBEA1A391E2A00D5D071 /* PBXTargetDependency */,
			);
			name = Ping2Tests;
			productName = Ping2Tests;
			productReference = 86CFEBE81A391E2A00D5D071 /* Ping2Tests.xctest */;
			productType = "com.apple.product-type.bundle.unit-test";
		};
/* End PBXNativeTarget section */

/* Begin PBXProject section */
		86CFEBC71A391E2A00D5D071 /* Project object */ = {
			isa = PBXProject;
			attributes = {
				LastUpgradeCheck = 0610;
				ORGANIZATIONNAME = "Andy Bayer";
				TargetAttributes = {
					86CFEBCE1A391E2A00D5D071 = {
						CreatedOnToolsVersion = 6.1.1;
					};
					86CFEBE71A391E2A00D5D071 = {
						CreatedOnToolsVersion = 6.1.1;
						TestTargetID = 86CFEBCE1A391E2A00D5D071;
					};
				};
			};
			buildConfigurationList = 86CFEBCA1A391E2A00D5D071 /* Build configuration list for PBXProject "Ping2" */;
			compatibilityVersion = "Xcode 3.2";
			developmentRegion = English;
			hasScannedForEncodings = 0;
			knownRegions = (
				en,
				Base,
			);
			mainGroup = 86CFEBC61A391E2A00D5D071;
			productRefGroup = 86CFEBD01A391E2A00D5D071 /* Products */;
			projectDirPath = "";
			projectRoot = "";
			targets = (
				86CFEBCE1A391E2A00D5D071 /* Ping2 */,
				86CFEBE71A391E2A00D5D071 /* Ping2Tests */,
			);
		};
/* End PBXProject section */

/* Begin PBXResourcesBuildPhase section */
		86CFEBCD1A391E2A00D5D071 /* Resources */ = {
			isa = PBXResourcesBuildPhase;
			buildActionMask = 2147483647;
			files = (
				8689F05D1A793FA20067AD13 /* ma_rightArrow.png in Resources */,
				861FAA471A5E277F003BEB5C /* Main.storyboard in Resources */,
				8643688B1A3929B600A7F930 /* LaunchScreen.xib in Resources */,
				8689F05B1A793FA20067AD13 /* ma_leftArrow.png in Resources */,
				8689F05C1A793FA20067AD13 /* ma_leftArrow@2x.png in Resources */,
				8689F05E1A793FA20067AD13 /* ma_rightArrow@2x.png in Resources */,
				864368851A39204F00A7F930 /* Images.xcassets in Resources */,
				8689F05F1A793FA20067AD13 /* ma_topBackground.png in Resources */,
			);
			runOnlyForDeploymentPostprocessing = 0;
		};
		86CFEBE61A391E2A00D5D071 /* Resources */ = {
			isa = PBXResourcesBuildPhase;
			buildActionMask = 2147483647;
			files = (
			);
			runOnlyForDeploymentPostprocessing = 0;
		};
/* End PBXResourcesBuildPhase section */

/* Begin PBXSourcesBuildPhase section */
		86CFEBCB1A391E2A00D5D071 /* Sources */ = {
			isa = PBXSourcesBuildPhase;
			buildActionMask = 2147483647;
			files = (
				864368841A39204F00A7F930 /* MapViewController.m in Sources */,
				861FAA421A5E16CC003BEB5C /* InviteFriendTableViewController.m in Sources */,
				8686EFF41A7FC32D00B143B3 /* NewEventTableViewController.m in Sources */,
				86822CD61A76BEC2005E09B2 /* NewUserViewController.m in Sources */,
				865251BC1A7C3CE100523F5D /* SettingsViewController.m in Sources */,
				8689F07A1A7984080067AD13 /* DayViewController.m in Sources */,
				864368831A39204F00A7F930 /* FriendAnnotation.m in Sources */,
				8689F0771A7942370067AD13 /* TapDetectingView.m in Sources */,
				8689F0751A7942370067AD13 /* MAGridView.m in Sources */,
				861FAA4A1A5E286A003BEB5C /* CreateEventViewController.m in Sources */,
				8689F0741A7942370067AD13 /* MAEvent.m in Sources */,
				8689F0731A7942370067AD13 /* MADayView.m in Sources */,
				86CE8FCF1A756D190088DA8F /* SettingsSegue.m in Sources */,
				8643688A1A3920C100A7F930 /* FriendAnnotationView.m in Sources */,
				8689F0761A7942370067AD13 /* MAWeekView.m in Sources */,
				8653DA8A1A71AD9B00A3B765 /* LoginViewController.m in Sources */,
				864368871A39204F00A7F930 /* main.m in Sources */,
				864368801A39204F00A7F930 /* AppDelegate.m in Sources */,
				8643688F1A392D6C00A7F930 /* DetailViewController.m in Sources */,
			);
			runOnlyForDeploymentPostprocessing = 0;
		};
		86CFEBE41A391E2A00D5D071 /* Sources */ = {
			isa = PBXSourcesBuildPhase;
			buildActionMask = 2147483647;
			files = (
				86CFEBEF1A391E2A00D5D071 /* Ping2Tests.m in Sources */,
			);
			runOnlyForDeploymentPostprocessing = 0;
		};
/* End PBXSourcesBuildPhase section */

/* Begin PBXTargetDependency section */
		86CFEBEA1A391E2A00D5D071 /* PBXTargetDependency */ = {
			isa = PBXTargetDependency;
			target = 86CFEBCE1A391E2A00D5D071 /* Ping2 */;
			targetProxy = 86CFEBE91A391E2A00D5D071 /* PBXContainerItemProxy */;
		};
/* End PBXTargetDependency section */

/* Begin PBXVariantGroup section */
		864368741A39204F00A7F930 /* LaunchScreen.xib */ = {
			isa = PBXVariantGroup;
			children = (
				864368751A39204F00A7F930 /* Base */,
			);
			name = LaunchScreen.xib;
			sourceTree = "<group>";
		};
		864368761A39204F00A7F930 /* Main.storyboard */ = {
			isa = PBXVariantGroup;
			children = (
				864368771A39204F00A7F930 /* Base */,
			);
			name = Main.storyboard;
			sourceTree = "<group>";
		};
/* End PBXVariantGroup section */

/* Begin XCBuildConfiguration section */
		86CFEBF01A391E2A00D5D071 /* Debug */ = {
			isa = XCBuildConfiguration;
			buildSettings = {
				ALWAYS_SEARCH_USER_PATHS = NO;
				CLANG_CXX_LANGUAGE_STANDARD = "gnu++0x";
				CLANG_CXX_LIBRARY = "libc++";
				CLANG_ENABLE_MODULES = YES;
				CLANG_ENABLE_OBJC_ARC = YES;
				CLANG_WARN_BOOL_CONVERSION = YES;
				CLANG_WARN_CONSTANT_CONVERSION = YES;
				CLANG_WARN_DIRECT_OBJC_ISA_USAGE = YES_ERROR;
				CLANG_WARN_EMPTY_BODY = YES;
				CLANG_WARN_ENUM_CONVERSION = YES;
				CLANG_WARN_INT_CONVERSION = YES;
				CLANG_WARN_OBJC_ROOT_CLASS = YES_ERROR;
				CLANG_WARN_UNREACHABLE_CODE = YES;
				CLANG_WARN__DUPLICATE_METHOD_MATCH = YES;
				"CODE_SIGN_IDENTITY[sdk=iphoneos*]" = "iPhone Developer";
				COPY_PHASE_STRIP = NO;
				ENABLE_STRICT_OBJC_MSGSEND = YES;
				GCC_C_LANGUAGE_STANDARD = gnu99;
				GCC_DYNAMIC_NO_PIC = NO;
				GCC_OPTIMIZATION_LEVEL = 0;
				GCC_PREPROCESSOR_DEFINITIONS = (
					"DEBUG=1",
					"$(inherited)",
				);
				GCC_SYMBOLS_PRIVATE_EXTERN = NO;
				GCC_WARN_64_TO_32_BIT_CONVERSION = YES;
				GCC_WARN_ABOUT_RETURN_TYPE = YES_ERROR;
				GCC_WARN_UNDECLARED_SELECTOR = YES;
				GCC_WARN_UNINITIALIZED_AUTOS = YES_AGGRESSIVE;
				GCC_WARN_UNUSED_FUNCTION = YES;
				GCC_WARN_UNUSED_VARIABLE = YES;
				IPHONEOS_DEPLOYMENT_TARGET = 8.1;
				MTL_ENABLE_DEBUG_INFO = YES;
				ONLY_ACTIVE_ARCH = YES;
				"OTHER_LDFLAGS[arch=*]" = (
					"-all_load",
					"-ObjC",
				);
				SDKROOT = iphoneos;
			};
			name = Debug;
		};
		86CFEBF11A391E2A00D5D071 /* Release */ = {
			isa = XCBuildConfiguration;
			buildSettings = {
				ALWAYS_SEARCH_USER_PATHS = NO;
				CLANG_CXX_LANGUAGE_STANDARD = "gnu++0x";
				CLANG_CXX_LIBRARY = "libc++";
				CLANG_ENABLE_MODULES = YES;
				CLANG_ENABLE_OBJC_ARC = YES;
				CLANG_WARN_BOOL_CONVERSION = YES;
				CLANG_WARN_CONSTANT_CONVERSION = YES;
				CLANG_WARN_DIRECT_OBJC_ISA_USAGE = YES_ERROR;
				CLANG_WARN_EMPTY_BODY = YES;
				CLANG_WARN_ENUM_CONVERSION = YES;
				CLANG_WARN_INT_CONVERSION = YES;
				CLANG_WARN_OBJC_ROOT_CLASS = YES_ERROR;
				CLANG_WARN_UNREACHABLE_CODE = YES;
				CLANG_WARN__DUPLICATE_METHOD_MATCH = YES;
				"CODE_SIGN_IDENTITY[sdk=iphoneos*]" = "iPhone Developer";
				COPY_PHASE_STRIP = YES;
				ENABLE_NS_ASSERTIONS = NO;
				ENABLE_STRICT_OBJC_MSGSEND = YES;
				GCC_C_LANGUAGE_STANDARD = gnu99;
				GCC_WARN_64_TO_32_BIT_CONVERSION = YES;
				GCC_WARN_ABOUT_RETURN_TYPE = YES_ERROR;
				GCC_WARN_UNDECLARED_SELECTOR = YES;
				GCC_WARN_UNINITIALIZED_AUTOS = YES_AGGRESSIVE;
				GCC_WARN_UNUSED_FUNCTION = YES;
				GCC_WARN_UNUSED_VARIABLE = YES;
				IPHONEOS_DEPLOYMENT_TARGET = 8.1;
				MTL_ENABLE_DEBUG_INFO = NO;
				"OTHER_LDFLAGS[arch=*]" = (
					"-all_load",
					"-ObjC",
				);
				SDKROOT = iphoneos;
				VALIDATE_PRODUCT = YES;
			};
			name = Release;
		};
		86CFEBF31A391E2A00D5D071 /* Debug */ = {
			isa = XCBuildConfiguration;
			buildSettings = {
				ASSETCATALOG_COMPILER_APPICON_NAME = AppIcon;
				FRAMEWORK_SEARCH_PATHS = (
					"$(inherited)",
					"$(PROJECT_DIR)/Ping2/Frameworks",
					"$(PROJECT_DIR)",
					"/Users/andybayer/Downloads/parse-library-1.6.2",
					"(1)",
				);
				INFOPLIST_FILE = Ping2/Info.plist;
				LD_RUNPATH_SEARCH_PATHS = "$(inherited) @executable_path/Frameworks";
				PRODUCT_NAME = "$(TARGET_NAME)";
			};
			name = Debug;
		};
		86CFEBF41A391E2A00D5D071 /* Release */ = {
			isa = XCBuildConfiguration;
			buildSettings = {
				ASSETCATALOG_COMPILER_APPICON_NAME = AppIcon;
				FRAMEWORK_SEARCH_PATHS = (
					"$(inherited)",
					"$(PROJECT_DIR)/Ping2/Frameworks",
					"$(PROJECT_DIR)",
					"/Users/andybayer/Downloads/parse-library-1.6.2",
					"(1)",
				);
				INFOPLIST_FILE = Ping2/Info.plist;
				LD_RUNPATH_SEARCH_PATHS = "$(inherited) @executable_path/Frameworks";
				PRODUCT_NAME = "$(TARGET_NAME)";
			};
			name = Release;
		};
		86CFEBF61A391E2A00D5D071 /* Debug */ = {
			isa = XCBuildConfiguration;
			buildSettings = {
				BUNDLE_LOADER = "$(TEST_HOST)";
				FRAMEWORK_SEARCH_PATHS = (
					"$(SDKROOT)/Developer/Library/Frameworks",
					"$(inherited)",
				);
				GCC_PREPROCESSOR_DEFINITIONS = (
					"DEBUG=1",
					"$(inherited)",
				);
				INFOPLIST_FILE = Ping2Tests/Info.plist;
				LD_RUNPATH_SEARCH_PATHS = "$(inherited) @executable_path/Frameworks @loader_path/Frameworks";
				PRODUCT_NAME = "$(TARGET_NAME)";
				TEST_HOST = "$(BUILT_PRODUCTS_DIR)/Ping2.app/Ping2";
			};
			name = Debug;
		};
		86CFEBF71A391E2A00D5D071 /* Release */ = {
			isa = XCBuildConfiguration;
			buildSettings = {
				BUNDLE_LOADER = "$(TEST_HOST)";
				FRAMEWORK_SEARCH_PATHS = (
					"$(SDKROOT)/Developer/Library/Frameworks",
					"$(inherited)",
				);
				INFOPLIST_FILE = Ping2Tests/Info.plist;
				LD_RUNPATH_SEARCH_PATHS = "$(inherited) @executable_path/Frameworks @loader_path/Frameworks";
				PRODUCT_NAME = "$(TARGET_NAME)";
				TEST_HOST = "$(BUILT_PRODUCTS_DIR)/Ping2.app/Ping2";
			};
			name = Release;
		};
/* End XCBuildConfiguration section */

/* Begin XCConfigurationList section */
		86CFEBCA1A391E2A00D5D071 /* Build configuration list for PBXProject "Ping2" */ = {
			isa = XCConfigurationList;
			buildConfigurations = (
				86CFEBF01A391E2A00D5D071 /* Debug */,
				86CFEBF11A391E2A00D5D071 /* Release */,
			);
			defaultConfigurationIsVisible = 0;
			defaultConfigurationName = Release;
		};
		86CFEBF21A391E2A00D5D071 /* Build configuration list for PBXNativeTarget "Ping2" */ = {
			isa = XCConfigurationList;
			buildConfigurations = (
				86CFEBF31A391E2A00D5D071 /* Debug */,
				86CFEBF41A391E2A00D5D071 /* Release */,
			);
			defaultConfigurationIsVisible = 0;
			defaultConfigurationName = Release;
		};
		86CFEBF51A391E2A00D5D071 /* Build configuration list for PBXNativeTarget "Ping2Tests" */ = {
			isa = XCConfigurationList;
			buildConfigurations = (
				86CFEBF61A391E2A00D5D071 /* Debug */,
				86CFEBF71A391E2A00D5D071 /* Release */,
			);
			defaultConfigurationIsVisible = 0;
			defaultConfigurationName = Release;
		};
/* End XCConfigurationList section */
	};
	rootObject = 86CFEBC71A391E2A00D5D071 /* Project object */;
}
