// !$*UTF8*$!
{
	archiveVersion = 1;
	classes = {
	};
	objectVersion = 46;
	objects = {

/* Begin PBXBuildFile section */
		8605E6061A6EE9BE004C7E8F /* AudioToolbox.framework in Frameworks */ = {isa = PBXBuildFile; fileRef = 8605E6051A6EE9BE004C7E8F /* AudioToolbox.framework */; };
		8605E6081A6EE9C3004C7E8F /* CFNetwork.framework in Frameworks */ = {isa = PBXBuildFile; fileRef = 8605E6071A6EE9C3004C7E8F /* CFNetwork.framework */; };
		8605E60A1A6EE9C8004C7E8F /* CoreGraphics.framework in Frameworks */ = {isa = PBXBuildFile; fileRef = 8605E6091A6EE9C8004C7E8F /* CoreGraphics.framework */; };
		8605E60C1A6EE9D2004C7E8F /* MobileCoreServices.framework in Frameworks */ = {isa = PBXBuildFile; fileRef = 8605E60B1A6EE9D2004C7E8F /* MobileCoreServices.framework */; };
		8605E60E1A6EE9D8004C7E8F /* QuartzCore.framework in Frameworks */ = {isa = PBXBuildFile; fileRef = 8605E60D1A6EE9D8004C7E8F /* QuartzCore.framework */; };
		8605E6101A6EE9DD004C7E8F /* Security.framework in Frameworks */ = {isa = PBXBuildFile; fileRef = 8605E60F1A6EE9DD004C7E8F /* Security.framework */; };
		8605E6121A6EE9E1004C7E8F /* StoreKit.framework in Frameworks */ = {isa = PBXBuildFile; fileRef = 8605E6111A6EE9E1004C7E8F /* StoreKit.framework */; };
		8605E6141A6EE9E7004C7E8F /* SystemConfiguration.framework in Frameworks */ = {isa = PBXBuildFile; fileRef = 8605E6131A6EE9E7004C7E8F /* SystemConfiguration.framework */; };
		8605E6161A6EE9EE004C7E8F /* libz.dylib in Frameworks */ = {isa = PBXBuildFile; fileRef = 8605E6151A6EE9EE004C7E8F /* libz.dylib */; };
		8605E6181A6EE9F2004C7E8F /* libsqlite3.dylib in Frameworks */ = {isa = PBXBuildFile; fileRef = 8605E6171A6EE9F2004C7E8F /* libsqlite3.dylib */; };
		8605E61A1A6EE9F6004C7E8F /* Social.framework in Frameworks */ = {isa = PBXBuildFile; fileRef = 8605E6191A6EE9F6004C7E8F /* Social.framework */; };
		8605E61C1A6EE9FA004C7E8F /* Accounts.framework in Frameworks */ = {isa = PBXBuildFile; fileRef = 8605E61B1A6EE9FA004C7E8F /* Accounts.framework */; };
		8670EA6B1AFA46B700BA60FA /* GroupAddTableViewController.m in Sources */ = {isa = PBXBuildFile; fileRef = 8670EA6A1AFA46B700BA60FA /* GroupAddTableViewController.m */; };
		8670EA6F1AFAC46E00BA60FA /* GSTouchesShowingWindow.m in Sources */ = {isa = PBXBuildFile; fileRef = 8670EA6D1AFAC46E00BA60FA /* GSTouchesShowingWindow.m */; };
		8670EA701AFAC46E00BA60FA /* GSTouchImage@2x.png in Resources */ = {isa = PBXBuildFile; fileRef = 8670EA6E1AFAC46E00BA60FA /* GSTouchImage@2x.png */; };
		8676CB851AAE75F9002CAB2A /* close@3x.png in Resources */ = {isa = PBXBuildFile; fileRef = 8676CB841AAE75F9002CAB2A /* close@3x.png */; };
		8677B1BC1A9906AE00C3733A /* GoogleMaps.bundle in Resources */ = {isa = PBXBuildFile; fileRef = 8677B1BA1A9906AE00C3733A /* GoogleMaps.bundle */; };
		8677B1BD1A9906AE00C3733A /* GoogleMaps.framework in Frameworks */ = {isa = PBXBuildFile; fileRef = 8677B1BB1A9906AE00C3733A /* GoogleMaps.framework */; };
		8677B2AF1A990FB900C3733A /* AppDelegate.m in Sources */ = {isa = PBXBuildFile; fileRef = 8677B2771A990FB900C3733A /* AppDelegate.m */; };
		8677B2B01A990FB900C3733A /* LaunchScreen.xib in Resources */ = {isa = PBXBuildFile; fileRef = 8677B2781A990FB900C3733A /* LaunchScreen.xib */; };
		8677B2B11A990FB900C3733A /* Main.storyboard in Resources */ = {isa = PBXBuildFile; fileRef = 8677B27A1A990FB900C3733A /* Main.storyboard */; };
		8677B2B21A990FB900C3733A /* NewEventView.xib in Resources */ = {isa = PBXBuildFile; fileRef = 8677B27C1A990FB900C3733A /* NewEventView.xib */; };
		8677B2B31A990FB900C3733A /* ContactsTableViewController.m in Sources */ = {isa = PBXBuildFile; fileRef = 8677B2801A990FB900C3733A /* ContactsTableViewController.m */; };
		8677B2B41A990FB900C3733A /* CalloutViewController.m in Sources */ = {isa = PBXBuildFile; fileRef = 8677B2821A990FB900C3733A /* CalloutViewController.m */; };
		8677B2B61A990FB900C3733A /* CustomGMSMarker.m in Sources */ = {isa = PBXBuildFile; fileRef = 8677B2861A990FB900C3733A /* CustomGMSMarker.m */; };
		8677B2B81A990FB900C3733A /* FriendAnnotation.m in Sources */ = {isa = PBXBuildFile; fileRef = 8677B28A1A990FB900C3733A /* FriendAnnotation.m */; };
		8677B2B91A990FB900C3733A /* FriendAnnotationView.m in Sources */ = {isa = PBXBuildFile; fileRef = 8677B28C1A990FB900C3733A /* FriendAnnotationView.m */; };
		8677B2BA1A990FB900C3733A /* InviteFriendTableViewController.m in Sources */ = {isa = PBXBuildFile; fileRef = 8677B28E1A990FB900C3733A /* InviteFriendTableViewController.m */; };
		8677B2BB1A990FB900C3733A /* LeftToRightSegue.m in Sources */ = {isa = PBXBuildFile; fileRef = 8677B2901A990FB900C3733A /* LeftToRightSegue.m */; };
		8677B2BC1A990FB900C3733A /* LoginViewController.m in Sources */ = {isa = PBXBuildFile; fileRef = 8677B2921A990FB900C3733A /* LoginViewController.m */; };
		8677B2BD1A990FB900C3733A /* MapViewController.m in Sources */ = {isa = PBXBuildFile; fileRef = 8677B2941A990FB900C3733A /* MapViewController.m */; };
		8677B2BF1A990FB900C3733A /* NewEventView.m in Sources */ = {isa = PBXBuildFile; fileRef = 8677B2981A990FB900C3733A /* NewEventView.m */; };
		8677B2C01A990FB900C3733A /* NewUserViewController.m in Sources */ = {isa = PBXBuildFile; fileRef = 8677B29A1A990FB900C3733A /* NewUserViewController.m */; };
		8677B2C11A990FB900C3733A /* SignInViewController.m in Sources */ = {isa = PBXBuildFile; fileRef = 8677B29C1A990FB900C3733A /* SignInViewController.m */; };
		8677B2C21A990FB900C3733A /* UserAnnotation.m in Sources */ = {isa = PBXBuildFile; fileRef = 8677B29E1A990FB900C3733A /* UserAnnotation.m */; };
		8677B2C31A990FB900C3733A /* ma_leftArrow.png in Resources */ = {isa = PBXBuildFile; fileRef = 8677B2A01A990FB900C3733A /* ma_leftArrow.png */; };
		8677B2C41A990FB900C3733A /* ma_leftArrow@2x.png in Resources */ = {isa = PBXBuildFile; fileRef = 8677B2A11A990FB900C3733A /* ma_leftArrow@2x.png */; };
		8677B2C51A990FB900C3733A /* ma_rightArrow.png in Resources */ = {isa = PBXBuildFile; fileRef = 8677B2A21A990FB900C3733A /* ma_rightArrow.png */; };
		8677B2C61A990FB900C3733A /* ma_rightArrow@2x.png in Resources */ = {isa = PBXBuildFile; fileRef = 8677B2A31A990FB900C3733A /* ma_rightArrow@2x.png */; };
		8677B2C71A990FB900C3733A /* ma_topBackground.png in Resources */ = {isa = PBXBuildFile; fileRef = 8677B2A41A990FB900C3733A /* ma_topBackground.png */; };
		8677B2C81A990FB900C3733A /* Images.xcassets in Resources */ = {isa = PBXBuildFile; fileRef = 8677B2A51A990FB900C3733A /* Images.xcassets */; };
		8677B2C91A990FB900C3733A /* Info.plist in Resources */ = {isa = PBXBuildFile; fileRef = 8677B2A61A990FB900C3733A /* Info.plist */; };
		8677B2CA1A990FB900C3733A /* main.m in Sources */ = {isa = PBXBuildFile; fileRef = 8677B2A71A990FB900C3733A /* main.m */; };
		8677B2CB1A990FB900C3733A /* WYPopoverController.m in Sources */ = {isa = PBXBuildFile; fileRef = 8677B2A91A990FB900C3733A /* WYPopoverController.m */; };
		8677B2CC1A990FB900C3733A /* WYStoryboardPopoverSegue.m in Sources */ = {isa = PBXBuildFile; fileRef = 8677B2AB1A990FB900C3733A /* WYStoryboardPopoverSegue.m */; };
		8677B2CD1A990FB900C3733A /* Info.plist in Resources */ = {isa = PBXBuildFile; fileRef = 8677B2AD1A990FB900C3733A /* Info.plist */; };
		8677B2D01A990FD700C3733A /* KetchTests.m in Sources */ = {isa = PBXBuildFile; fileRef = 8677B2CF1A990FD700C3733A /* KetchTests.m */; };
		8677B2D31A991F6100C3733A /* SettingsViewController.m in Sources */ = {isa = PBXBuildFile; fileRef = 8677B2D21A991F6100C3733A /* SettingsViewController.m */; };
		869C55131AFE6F10008EB86A /* MessageUI.framework in Frameworks */ = {isa = PBXBuildFile; fileRef = 869C55121AFE6F10008EB86A /* MessageUI.framework */; };
		869C769F1AA260D200153A4C /* chevron1.png in Resources */ = {isa = PBXBuildFile; fileRef = 869C769E1AA260D200153A4C /* chevron1.png */; };
		869C76A51AA2627700153A4C /* AddFriendTableViewController.m in Sources */ = {isa = PBXBuildFile; fileRef = 869C76A41AA2627700153A4C /* AddFriendTableViewController.m */; };
		869C76A91AA2686E00153A4C /* greenindicator.png in Resources */ = {isa = PBXBuildFile; fileRef = 869C76A81AA2686E00153A4C /* greenindicator.png */; };
		86A6A6561A93A25B00EDC774 /* ParseUI.framework in Frameworks */ = {isa = PBXBuildFile; fileRef = 86A6A6551A93A25B00EDC774 /* ParseUI.framework */; };
		86B70B4E1AF959E4004824E9 /* NewGroupViewController.m in Sources */ = {isa = PBXBuildFile; fileRef = 86B70B4D1AF959E4004824E9 /* NewGroupViewController.m */; };
		86BDBC491AF0308600E815F5 /* message30.png in Resources */ = {isa = PBXBuildFile; fileRef = 86BDBC481AF0308600E815F5 /* message30.png */; };
		86BDBC4F1AF046BC00E815F5 /* BlurbCalloutViewController.m in Sources */ = {isa = PBXBuildFile; fileRef = 86BDBC4E1AF046BC00E815F5 /* BlurbCalloutViewController.m */; };
		86BDBC541AF0542500E815F5 /* speech95.png in Resources */ = {isa = PBXBuildFile; fileRef = 86BDBC531AF0542500E815F5 /* speech95.png */; };
		86BDBC561AF0646100E815F5 /* filledspeech95.png in Resources */ = {isa = PBXBuildFile; fileRef = 86BDBC551AF0646100E815F5 /* filledspeech95.png */; };
		86C003181A9E981E0069FA8F /* SearchFriendViewController.m in Sources */ = {isa = PBXBuildFile; fileRef = 86C003171A9E981E0069FA8F /* SearchFriendViewController.m */; };
		86CA22F51A9A98F3009A81E1 /* ContactUtilities.m in Sources */ = {isa = PBXBuildFile; fileRef = 86CA22F41A9A98F3009A81E1 /* ContactUtilities.m */; };
		86D860191A951D3C00CA8E23 /* AVFoundation.framework in Frameworks */ = {isa = PBXBuildFile; fileRef = 86D860181A951D3C00CA8E23 /* AVFoundation.framework */; };
		86D8601B1A951D4100CA8E23 /* CoreData.framework in Frameworks */ = {isa = PBXBuildFile; fileRef = 86D8601A1A951D4100CA8E23 /* CoreData.framework */; };
		86D8601D1A951D4700CA8E23 /* CoreText.framework in Frameworks */ = {isa = PBXBuildFile; fileRef = 86D8601C1A951D4700CA8E23 /* CoreText.framework */; };
		86D8601F1A951D4C00CA8E23 /* GLKit.framework in Frameworks */ = {isa = PBXBuildFile; fileRef = 86D8601E1A951D4C00CA8E23 /* GLKit.framework */; };
		86D860211A951D5100CA8E23 /* ImageIO.framework in Frameworks */ = {isa = PBXBuildFile; fileRef = 86D860201A951D5100CA8E23 /* ImageIO.framework */; };
		86D860231A951D5B00CA8E23 /* libc++.dylib in Frameworks */ = {isa = PBXBuildFile; fileRef = 86D860221A951D5B00CA8E23 /* libc++.dylib */; };
		86D860251A951D6100CA8E23 /* libicucore.dylib in Frameworks */ = {isa = PBXBuildFile; fileRef = 86D860241A951D6100CA8E23 /* libicucore.dylib */; };
		86D860271A951D6B00CA8E23 /* OpenGLES.framework in Frameworks */ = {isa = PBXBuildFile; fileRef = 86D860261A951D6B00CA8E23 /* OpenGLES.framework */; };
		86D9EE651AEEA89F004BC761 /* CoolBar.xib in Resources */ = {isa = PBXBuildFile; fileRef = 86D9EE641AEEA89F004BC761 /* CoolBar.xib */; };
		86D9EE681AEEA8F4004BC761 /* CoolBar.m in Sources */ = {isa = PBXBuildFile; fileRef = 86D9EE671AEEA8F4004BC761 /* CoolBar.m */; };
		86D9EE741AEEE351004BC761 /* FLKAutoLayoutPredicateList.m in Sources */ = {isa = PBXBuildFile; fileRef = 86D9EE6B1AEEE351004BC761 /* FLKAutoLayoutPredicateList.m */; };
		86D9EE761AEEE351004BC761 /* UIView+FLKAutoLayout.m in Sources */ = {isa = PBXBuildFile; fileRef = 86D9EE6F1AEEE351004BC761 /* UIView+FLKAutoLayout.m */; };
		86D9EE781AEEE351004BC761 /* UIView+FLKAutoLayoutPredicate.m in Sources */ = {isa = PBXBuildFile; fileRef = 86D9EE731AEEE351004BC761 /* UIView+FLKAutoLayoutPredicate.m */; };
		86DDA0C21A85925A00C537F0 /* Bolts.framework in Frameworks */ = {isa = PBXBuildFile; fileRef = 86DDA0BF1A85925A00C537F0 /* Bolts.framework */; };
		86DDA0C31A85925A00C537F0 /* Parse.framework in Frameworks */ = {isa = PBXBuildFile; fileRef = 86DDA0C01A85925A00C537F0 /* Parse.framework */; };
		86EACEBC1B14FC51001C6CF8 /* AboutViewController.m in Sources */ = {isa = PBXBuildFile; fileRef = 86EACEBB1B14FC51001C6CF8 /* AboutViewController.m */; };
		86FF010B1A9BE644009C4661 /* GradientView.m in Sources */ = {isa = PBXBuildFile; fileRef = 86FF010A1A9BE644009C4661 /* GradientView.m */; };
/* End PBXBuildFile section */

/* Begin PBXContainerItemProxy section */
		86CFEBE91A391E2A00D5D071 /* PBXContainerItemProxy */ = {
			isa = PBXContainerItemProxy;
			containerPortal = 86CFEBC71A391E2A00D5D071 /* Project object */;
			proxyType = 1;
			remoteGlobalIDString = 86CFEBCE1A391E2A00D5D071;
			remoteInfo = Ping2;
		};
/* End PBXContainerItemProxy section */

/* Begin PBXFileReference section */
		8605E6051A6EE9BE004C7E8F /* AudioToolbox.framework */ = {isa = PBXFileReference; lastKnownFileType = wrapper.framework; name = AudioToolbox.framework; path = System/Library/Frameworks/AudioToolbox.framework; sourceTree = SDKROOT; };
		8605E6071A6EE9C3004C7E8F /* CFNetwork.framework */ = {isa = PBXFileReference; lastKnownFileType = wrapper.framework; name = CFNetwork.framework; path = System/Library/Frameworks/CFNetwork.framework; sourceTree = SDKROOT; };
		8605E6091A6EE9C8004C7E8F /* CoreGraphics.framework */ = {isa = PBXFileReference; lastKnownFileType = wrapper.framework; name = CoreGraphics.framework; path = System/Library/Frameworks/CoreGraphics.framework; sourceTree = SDKROOT; };
		8605E60B1A6EE9D2004C7E8F /* MobileCoreServices.framework */ = {isa = PBXFileReference; lastKnownFileType = wrapper.framework; name = MobileCoreServices.framework; path = System/Library/Frameworks/MobileCoreServices.framework; sourceTree = SDKROOT; };
		8605E60D1A6EE9D8004C7E8F /* QuartzCore.framework */ = {isa = PBXFileReference; lastKnownFileType = wrapper.framework; name = QuartzCore.framework; path = System/Library/Frameworks/QuartzCore.framework; sourceTree = SDKROOT; };
		8605E60F1A6EE9DD004C7E8F /* Security.framework */ = {isa = PBXFileReference; lastKnownFileType = wrapper.framework; name = Security.framework; path = System/Library/Frameworks/Security.framework; sourceTree = SDKROOT; };
		8605E6111A6EE9E1004C7E8F /* StoreKit.framework */ = {isa = PBXFileReference; lastKnownFileType = wrapper.framework; name = StoreKit.framework; path = System/Library/Frameworks/StoreKit.framework; sourceTree = SDKROOT; };
		8605E6131A6EE9E7004C7E8F /* SystemConfiguration.framework */ = {isa = PBXFileReference; lastKnownFileType = wrapper.framework; name = SystemConfiguration.framework; path = System/Library/Frameworks/SystemConfiguration.framework; sourceTree = SDKROOT; };
		8605E6151A6EE9EE004C7E8F /* libz.dylib */ = {isa = PBXFileReference; lastKnownFileType = "compiled.mach-o.dylib"; name = libz.dylib; path = usr/lib/libz.dylib; sourceTree = SDKROOT; };
		8605E6171A6EE9F2004C7E8F /* libsqlite3.dylib */ = {isa = PBXFileReference; lastKnownFileType = "compiled.mach-o.dylib"; name = libsqlite3.dylib; path = usr/lib/libsqlite3.dylib; sourceTree = SDKROOT; };
		8605E6191A6EE9F6004C7E8F /* Social.framework */ = {isa = PBXFileReference; lastKnownFileType = wrapper.framework; name = Social.framework; path = System/Library/Frameworks/Social.framework; sourceTree = SDKROOT; };
		8605E61B1A6EE9FA004C7E8F /* Accounts.framework */ = {isa = PBXFileReference; lastKnownFileType = wrapper.framework; name = Accounts.framework; path = System/Library/Frameworks/Accounts.framework; sourceTree = SDKROOT; };
		8670EA691AFA46B700BA60FA /* GroupAddTableViewController.h */ = {isa = PBXFileReference; fileEncoding = 4; lastKnownFileType = sourcecode.c.h; path = GroupAddTableViewController.h; sourceTree = "<group>"; };
		8670EA6A1AFA46B700BA60FA /* GroupAddTableViewController.m */ = {isa = PBXFileReference; fileEncoding = 4; lastKnownFileType = sourcecode.c.objc; path = GroupAddTableViewController.m; sourceTree = "<group>"; };
		8670EA6C1AFAC46E00BA60FA /* GSTouchesShowingWindow.h */ = {isa = PBXFileReference; fileEncoding = 4; lastKnownFileType = sourcecode.c.h; name = GSTouchesShowingWindow.h; path = "../../../../../../../../Downloads/GSTouchesShowingWindow-master/GSTouchesShowingWindow.h"; sourceTree = "<group>"; };
		8670EA6D1AFAC46E00BA60FA /* GSTouchesShowingWindow.m */ = {isa = PBXFileReference; fileEncoding = 4; lastKnownFileType = sourcecode.c.objc; name = GSTouchesShowingWindow.m; path = "../../../../../../../../Downloads/GSTouchesShowingWindow-master/GSTouchesShowingWindow.m"; sourceTree = "<group>"; };
		8670EA6E1AFAC46E00BA60FA /* GSTouchImage@2x.png */ = {isa = PBXFileReference; lastKnownFileType = image.png; name = "GSTouchImage@2x.png"; path = "../../../../../../../../Downloads/GSTouchesShowingWindow-master/GSTouchImage@2x.png"; sourceTree = "<group>"; };
		8676CB841AAE75F9002CAB2A /* close@3x.png */ = {isa = PBXFileReference; lastKnownFileType = image.png; name = "close@3x.png"; path = "../close@3x.png"; sourceTree = "<group>"; };
		8677B1BA1A9906AE00C3733A /* GoogleMaps.bundle */ = {isa = PBXFileReference; lastKnownFileType = "wrapper.plug-in"; path = GoogleMaps.bundle; sourceTree = "<group>"; };
		8677B1BB1A9906AE00C3733A /* GoogleMaps.framework */ = {isa = PBXFileReference; lastKnownFileType = wrapper.framework; path = GoogleMaps.framework; sourceTree = "<group>"; };
		8677B2761A990FB900C3733A /* AppDelegate.h */ = {isa = PBXFileReference; fileEncoding = 4; lastKnownFileType = sourcecode.c.h; path = AppDelegate.h; sourceTree = "<group>"; };
		8677B2771A990FB900C3733A /* AppDelegate.m */ = {isa = PBXFileReference; fileEncoding = 4; lastKnownFileType = sourcecode.c.objc; path = AppDelegate.m; sourceTree = "<group>"; };
		8677B2791A990FB900C3733A /* Base */ = {isa = PBXFileReference; lastKnownFileType = file.xib; name = Base; path = Base.lproj/LaunchScreen.xib; sourceTree = "<group>"; };
		8677B27B1A990FB900C3733A /* Base */ = {isa = PBXFileReference; lastKnownFileType = file.storyboard; name = Base; path = Base.lproj/Main.storyboard; sourceTree = "<group>"; };
		8677B27D1A990FB900C3733A /* Base */ = {isa = PBXFileReference; lastKnownFileType = file.xib; name = Base; path = Base.lproj/NewEventView.xib; sourceTree = "<group>"; };
		8677B27F1A990FB900C3733A /* ContactsTableViewController.h */ = {isa = PBXFileReference; fileEncoding = 4; lastKnownFileType = sourcecode.c.h; path = ContactsTableViewController.h; sourceTree = "<group>"; };
		8677B2801A990FB900C3733A /* ContactsTableViewController.m */ = {isa = PBXFileReference; fileEncoding = 4; lastKnownFileType = sourcecode.c.objc; path = ContactsTableViewController.m; sourceTree = "<group>"; };
		8677B2811A990FB900C3733A /* CalloutViewController.h */ = {isa = PBXFileReference; fileEncoding = 4; lastKnownFileType = sourcecode.c.h; path = CalloutViewController.h; sourceTree = "<group>"; };
		8677B2821A990FB900C3733A /* CalloutViewController.m */ = {isa = PBXFileReference; fileEncoding = 4; lastKnownFileType = sourcecode.c.objc; path = CalloutViewController.m; sourceTree = "<group>"; };
		8677B2851A990FB900C3733A /* CustomGMSMarker.h */ = {isa = PBXFileReference; fileEncoding = 4; lastKnownFileType = sourcecode.c.h; path = CustomGMSMarker.h; sourceTree = "<group>"; };
		8677B2861A990FB900C3733A /* CustomGMSMarker.m */ = {isa = PBXFileReference; fileEncoding = 4; lastKnownFileType = sourcecode.c.objc; path = CustomGMSMarker.m; sourceTree = "<group>"; };
		8677B2891A990FB900C3733A /* FriendAnnotation.h */ = {isa = PBXFileReference; fileEncoding = 4; lastKnownFileType = sourcecode.c.h; path = FriendAnnotation.h; sourceTree = "<group>"; };
		8677B28A1A990FB900C3733A /* FriendAnnotation.m */ = {isa = PBXFileReference; fileEncoding = 4; lastKnownFileType = sourcecode.c.objc; path = FriendAnnotation.m; sourceTree = "<group>"; };
		8677B28B1A990FB900C3733A /* FriendAnnotationView.h */ = {isa = PBXFileReference; fileEncoding = 4; lastKnownFileType = sourcecode.c.h; path = FriendAnnotationView.h; sourceTree = "<group>"; };
		8677B28C1A990FB900C3733A /* FriendAnnotationView.m */ = {isa = PBXFileReference; fileEncoding = 4; lastKnownFileType = sourcecode.c.objc; path = FriendAnnotationView.m; sourceTree = "<group>"; };
		8677B28D1A990FB900C3733A /* InviteFriendTableViewController.h */ = {isa = PBXFileReference; fileEncoding = 4; lastKnownFileType = sourcecode.c.h; path = InviteFriendTableViewController.h; sourceTree = "<group>"; };
		8677B28E1A990FB900C3733A /* InviteFriendTableViewController.m */ = {isa = PBXFileReference; fileEncoding = 4; lastKnownFileType = sourcecode.c.objc; path = InviteFriendTableViewController.m; sourceTree = "<group>"; };
		8677B28F1A990FB900C3733A /* LeftToRightSegue.h */ = {isa = PBXFileReference; fileEncoding = 4; lastKnownFileType = sourcecode.c.h; path = LeftToRightSegue.h; sourceTree = "<group>"; };
		8677B2901A990FB900C3733A /* LeftToRightSegue.m */ = {isa = PBXFileReference; fileEncoding = 4; lastKnownFileType = sourcecode.c.objc; path = LeftToRightSegue.m; sourceTree = "<group>"; };
		8677B2911A990FB900C3733A /* LoginViewController.h */ = {isa = PBXFileReference; fileEncoding = 4; lastKnownFileType = sourcecode.c.h; path = LoginViewController.h; sourceTree = "<group>"; };
		8677B2921A990FB900C3733A /* LoginViewController.m */ = {isa = PBXFileReference; fileEncoding = 4; lastKnownFileType = sourcecode.c.objc; path = LoginViewController.m; sourceTree = "<group>"; };
		8677B2931A990FB900C3733A /* MapViewController.h */ = {isa = PBXFileReference; fileEncoding = 4; lastKnownFileType = sourcecode.c.h; path = MapViewController.h; sourceTree = "<group>"; };
		8677B2941A990FB900C3733A /* MapViewController.m */ = {isa = PBXFileReference; fileEncoding = 4; lastKnownFileType = sourcecode.c.objc; path = MapViewController.m; sourceTree = "<group>"; };
		8677B2971A990FB900C3733A /* NewEventView.h */ = {isa = PBXFileReference; fileEncoding = 4; lastKnownFileType = sourcecode.c.h; path = NewEventView.h; sourceTree = "<group>"; };
		8677B2981A990FB900C3733A /* NewEventView.m */ = {isa = PBXFileReference; fileEncoding = 4; lastKnownFileType = sourcecode.c.objc; path = NewEventView.m; sourceTree = "<group>"; };
		8677B2991A990FB900C3733A /* NewUserViewController.h */ = {isa = PBXFileReference; fileEncoding = 4; lastKnownFileType = sourcecode.c.h; path = NewUserViewController.h; sourceTree = "<group>"; };
		8677B29A1A990FB900C3733A /* NewUserViewController.m */ = {isa = PBXFileReference; fileEncoding = 4; lastKnownFileType = sourcecode.c.objc; path = NewUserViewController.m; sourceTree = "<group>"; };
		8677B29B1A990FB900C3733A /* SignInViewController.h */ = {isa = PBXFileReference; fileEncoding = 4; lastKnownFileType = sourcecode.c.h; path = SignInViewController.h; sourceTree = "<group>"; };
		8677B29C1A990FB900C3733A /* SignInViewController.m */ = {isa = PBXFileReference; fileEncoding = 4; lastKnownFileType = sourcecode.c.objc; path = SignInViewController.m; sourceTree = "<group>"; };
		8677B29D1A990FB900C3733A /* UserAnnotation.h */ = {isa = PBXFileReference; fileEncoding = 4; lastKnownFileType = sourcecode.c.h; path = UserAnnotation.h; sourceTree = "<group>"; };
		8677B29E1A990FB900C3733A /* UserAnnotation.m */ = {isa = PBXFileReference; fileEncoding = 4; lastKnownFileType = sourcecode.c.objc; path = UserAnnotation.m; sourceTree = "<group>"; };
		8677B2A01A990FB900C3733A /* ma_leftArrow.png */ = {isa = PBXFileReference; lastKnownFileType = image.png; path = ma_leftArrow.png; sourceTree = "<group>"; };
		8677B2A11A990FB900C3733A /* ma_leftArrow@2x.png */ = {isa = PBXFileReference; lastKnownFileType = image.png; path = "ma_leftArrow@2x.png"; sourceTree = "<group>"; };
		8677B2A21A990FB900C3733A /* ma_rightArrow.png */ = {isa = PBXFileReference; lastKnownFileType = image.png; path = ma_rightArrow.png; sourceTree = "<group>"; };
		8677B2A31A990FB900C3733A /* ma_rightArrow@2x.png */ = {isa = PBXFileReference; lastKnownFileType = image.png; path = "ma_rightArrow@2x.png"; sourceTree = "<group>"; };
		8677B2A41A990FB900C3733A /* ma_topBackground.png */ = {isa = PBXFileReference; lastKnownFileType = image.png; path = ma_topBackground.png; sourceTree = "<group>"; };
		8677B2A51A990FB900C3733A /* Images.xcassets */ = {isa = PBXFileReference; lastKnownFileType = folder.assetcatalog; path = Images.xcassets; sourceTree = "<group>"; };
		8677B2A61A990FB900C3733A /* Info.plist */ = {isa = PBXFileReference; fileEncoding = 4; lastKnownFileType = text.plist.xml; path = Info.plist; sourceTree = "<group>"; };
		8677B2A71A990FB900C3733A /* main.m */ = {isa = PBXFileReference; fileEncoding = 4; lastKnownFileType = sourcecode.c.objc; path = main.m; sourceTree = "<group>"; };
		8677B2A81A990FB900C3733A /* WYPopoverController.h */ = {isa = PBXFileReference; fileEncoding = 4; lastKnownFileType = sourcecode.c.h; path = WYPopoverController.h; sourceTree = "<group>"; };
		8677B2A91A990FB900C3733A /* WYPopoverController.m */ = {isa = PBXFileReference; fileEncoding = 4; lastKnownFileType = sourcecode.c.objc; path = WYPopoverController.m; sourceTree = "<group>"; };
		8677B2AA1A990FB900C3733A /* WYStoryboardPopoverSegue.h */ = {isa = PBXFileReference; fileEncoding = 4; lastKnownFileType = sourcecode.c.h; path = WYStoryboardPopoverSegue.h; sourceTree = "<group>"; };
		8677B2AB1A990FB900C3733A /* WYStoryboardPopoverSegue.m */ = {isa = PBXFileReference; fileEncoding = 4; lastKnownFileType = sourcecode.c.objc; path = WYStoryboardPopoverSegue.m; sourceTree = "<group>"; };
		8677B2AD1A990FB900C3733A /* Info.plist */ = {isa = PBXFileReference; fileEncoding = 4; lastKnownFileType = text.plist.xml; path = Info.plist; sourceTree = "<group>"; };
		8677B2CF1A990FD700C3733A /* KetchTests.m */ = {isa = PBXFileReference; fileEncoding = 4; lastKnownFileType = sourcecode.c.objc; path = KetchTests.m; sourceTree = "<group>"; };
		8677B2D11A991F6100C3733A /* SettingsViewController.h */ = {isa = PBXFileReference; fileEncoding = 4; lastKnownFileType = sourcecode.c.h; path = SettingsViewController.h; sourceTree = "<group>"; };
		8677B2D21A991F6100C3733A /* SettingsViewController.m */ = {isa = PBXFileReference; fileEncoding = 4; lastKnownFileType = sourcecode.c.objc; path = SettingsViewController.m; sourceTree = "<group>"; };
		869C55121AFE6F10008EB86A /* MessageUI.framework */ = {isa = PBXFileReference; lastKnownFileType = wrapper.framework; name = MessageUI.framework; path = System/Library/Frameworks/MessageUI.framework; sourceTree = SDKROOT; };
		869C769E1AA260D200153A4C /* chevron1.png */ = {isa = PBXFileReference; lastKnownFileType = image.png; path = chevron1.png; sourceTree = "<group>"; };
		869C76A31AA2627700153A4C /* AddFriendTableViewController.h */ = {isa = PBXFileReference; fileEncoding = 4; lastKnownFileType = sourcecode.c.h; path = AddFriendTableViewController.h; sourceTree = "<group>"; };
		869C76A41AA2627700153A4C /* AddFriendTableViewController.m */ = {isa = PBXFileReference; fileEncoding = 4; lastKnownFileType = sourcecode.c.objc; path = AddFriendTableViewController.m; sourceTree = "<group>"; };
		869C76A81AA2686E00153A4C /* greenindicator.png */ = {isa = PBXFileReference; lastKnownFileType = image.png; path = greenindicator.png; sourceTree = "<group>"; };
		86A6A6551A93A25B00EDC774 /* ParseUI.framework */ = {isa = PBXFileReference; lastKnownFileType = wrapper.framework; name = ParseUI.framework; path = "../../../../../../../Downloads/parse-library-1.6.2 (3)/ParseUI.framework"; sourceTree = "<group>"; };
		86B70B4C1AF959E4004824E9 /* NewGroupViewController.h */ = {isa = PBXFileReference; fileEncoding = 4; lastKnownFileType = sourcecode.c.h; path = NewGroupViewController.h; sourceTree = "<group>"; };
		86B70B4D1AF959E4004824E9 /* NewGroupViewController.m */ = {isa = PBXFileReference; fileEncoding = 4; lastKnownFileType = sourcecode.c.objc; path = NewGroupViewController.m; sourceTree = "<group>"; };
		86BDBC481AF0308600E815F5 /* message30.png */ = {isa = PBXFileReference; lastKnownFileType = image.png; path = message30.png; sourceTree = "<group>"; };
		86BDBC4D1AF046BC00E815F5 /* BlurbCalloutViewController.h */ = {isa = PBXFileReference; fileEncoding = 4; lastKnownFileType = sourcecode.c.h; path = BlurbCalloutViewController.h; sourceTree = "<group>"; };
		86BDBC4E1AF046BC00E815F5 /* BlurbCalloutViewController.m */ = {isa = PBXFileReference; fileEncoding = 4; lastKnownFileType = sourcecode.c.objc; path = BlurbCalloutViewController.m; sourceTree = "<group>"; };
		86BDBC531AF0542500E815F5 /* speech95.png */ = {isa = PBXFileReference; lastKnownFileType = image.png; path = speech95.png; sourceTree = "<group>"; };
		86BDBC551AF0646100E815F5 /* filledspeech95.png */ = {isa = PBXFileReference; lastKnownFileType = image.png; path = filledspeech95.png; sourceTree = "<group>"; };
		86C003161A9E981E0069FA8F /* SearchFriendViewController.h */ = {isa = PBXFileReference; fileEncoding = 4; lastKnownFileType = sourcecode.c.h; path = SearchFriendViewController.h; sourceTree = "<group>"; };
		86C003171A9E981E0069FA8F /* SearchFriendViewController.m */ = {isa = PBXFileReference; fileEncoding = 4; lastKnownFileType = sourcecode.c.objc; path = SearchFriendViewController.m; sourceTree = "<group>"; };
		86CA22F31A9A98F3009A81E1 /* ContactUtilities.h */ = {isa = PBXFileReference; fileEncoding = 4; lastKnownFileType = sourcecode.c.h; path = ContactUtilities.h; sourceTree = "<group>"; };
		86CA22F41A9A98F3009A81E1 /* ContactUtilities.m */ = {isa = PBXFileReference; fileEncoding = 4; lastKnownFileType = sourcecode.c.objc; path = ContactUtilities.m; sourceTree = "<group>"; };
		86CFEBCF1A391E2A00D5D071 /* Ketch.app */ = {isa = PBXFileReference; explicitFileType = wrapper.application; includeInIndex = 0; path = Ketch.app; sourceTree = BUILT_PRODUCTS_DIR; };
		86CFEBE81A391E2A00D5D071 /* KetchTests.xctest */ = {isa = PBXFileReference; explicitFileType = wrapper.cfbundle; includeInIndex = 0; path = KetchTests.xctest; sourceTree = BUILT_PRODUCTS_DIR; };
		86D860181A951D3C00CA8E23 /* AVFoundation.framework */ = {isa = PBXFileReference; lastKnownFileType = wrapper.framework; name = AVFoundation.framework; path = System/Library/Frameworks/AVFoundation.framework; sourceTree = SDKROOT; };
		86D8601A1A951D4100CA8E23 /* CoreData.framework */ = {isa = PBXFileReference; lastKnownFileType = wrapper.framework; name = CoreData.framework; path = System/Library/Frameworks/CoreData.framework; sourceTree = SDKROOT; };
		86D8601C1A951D4700CA8E23 /* CoreText.framework */ = {isa = PBXFileReference; lastKnownFileType = wrapper.framework; name = CoreText.framework; path = System/Library/Frameworks/CoreText.framework; sourceTree = SDKROOT; };
		86D8601E1A951D4C00CA8E23 /* GLKit.framework */ = {isa = PBXFileReference; lastKnownFileType = wrapper.framework; name = GLKit.framework; path = System/Library/Frameworks/GLKit.framework; sourceTree = SDKROOT; };
		86D860201A951D5100CA8E23 /* ImageIO.framework */ = {isa = PBXFileReference; lastKnownFileType = wrapper.framework; name = ImageIO.framework; path = System/Library/Frameworks/ImageIO.framework; sourceTree = SDKROOT; };
		86D860221A951D5B00CA8E23 /* libc++.dylib */ = {isa = PBXFileReference; lastKnownFileType = "compiled.mach-o.dylib"; name = "libc++.dylib"; path = "usr/lib/libc++.dylib"; sourceTree = SDKROOT; };
		86D860241A951D6100CA8E23 /* libicucore.dylib */ = {isa = PBXFileReference; lastKnownFileType = "compiled.mach-o.dylib"; name = libicucore.dylib; path = usr/lib/libicucore.dylib; sourceTree = SDKROOT; };
		86D860261A951D6B00CA8E23 /* OpenGLES.framework */ = {isa = PBXFileReference; lastKnownFileType = wrapper.framework; name = OpenGLES.framework; path = System/Library/Frameworks/OpenGLES.framework; sourceTree = SDKROOT; };
		86D9EE641AEEA89F004BC761 /* CoolBar.xib */ = {isa = PBXFileReference; fileEncoding = 4; lastKnownFileType = file.xib; path = CoolBar.xib; sourceTree = "<group>"; };
		86D9EE661AEEA8F4004BC761 /* CoolBar.h */ = {isa = PBXFileReference; fileEncoding = 4; lastKnownFileType = sourcecode.c.h; name = CoolBar.h; path = Classes/CoolBar.h; sourceTree = "<group>"; };
		86D9EE671AEEA8F4004BC761 /* CoolBar.m */ = {isa = PBXFileReference; fileEncoding = 4; lastKnownFileType = sourcecode.c.objc; name = CoolBar.m; path = Classes/CoolBar.m; sourceTree = "<group>"; };
		86D9EE6A1AEEE351004BC761 /* FLKAutoLayoutPredicateList.h */ = {isa = PBXFileReference; fileEncoding = 4; lastKnownFileType = sourcecode.c.h; path = FLKAutoLayoutPredicateList.h; sourceTree = "<group>"; };
		86D9EE6B1AEEE351004BC761 /* FLKAutoLayoutPredicateList.m */ = {isa = PBXFileReference; fileEncoding = 4; lastKnownFileType = sourcecode.c.objc; path = FLKAutoLayoutPredicateList.m; sourceTree = "<group>"; };
		86D9EE6E1AEEE351004BC761 /* UIView+FLKAutoLayout.h */ = {isa = PBXFileReference; fileEncoding = 4; lastKnownFileType = sourcecode.c.h; path = "UIView+FLKAutoLayout.h"; sourceTree = "<group>"; };
		86D9EE6F1AEEE351004BC761 /* UIView+FLKAutoLayout.m */ = {isa = PBXFileReference; fileEncoding = 4; lastKnownFileType = sourcecode.c.objc; path = "UIView+FLKAutoLayout.m"; sourceTree = "<group>"; };
		86D9EE721AEEE351004BC761 /* UIView+FLKAutoLayoutPredicate.h */ = {isa = PBXFileReference; fileEncoding = 4; lastKnownFileType = sourcecode.c.h; path = "UIView+FLKAutoLayoutPredicate.h"; sourceTree = "<group>"; };
		86D9EE731AEEE351004BC761 /* UIView+FLKAutoLayoutPredicate.m */ = {isa = PBXFileReference; fileEncoding = 4; lastKnownFileType = sourcecode.c.objc; path = "UIView+FLKAutoLayoutPredicate.m"; sourceTree = "<group>"; };
		86DDA0BF1A85925A00C537F0 /* Bolts.framework */ = {isa = PBXFileReference; lastKnownFileType = wrapper.framework; name = Bolts.framework; path = "../../../../../../../Downloads/parse-library-1.6.2 (2) 2/Bolts.framework"; sourceTree = "<group>"; };
		86DDA0C01A85925A00C537F0 /* Parse.framework */ = {isa = PBXFileReference; lastKnownFileType = wrapper.framework; name = Parse.framework; path = "../../../../../../../Downloads/parse-library-1.6.2 (2) 2/Parse.framework"; sourceTree = "<group>"; };
		86EACEBA1B14FC51001C6CF8 /* AboutViewController.h */ = {isa = PBXFileReference; fileEncoding = 4; lastKnownFileType = sourcecode.c.h; path = AboutViewController.h; sourceTree = "<group>"; };
		86EACEBB1B14FC51001C6CF8 /* AboutViewController.m */ = {isa = PBXFileReference; fileEncoding = 4; lastKnownFileType = sourcecode.c.objc; path = AboutViewController.m; sourceTree = "<group>"; };
		86FF01091A9BE644009C4661 /* GradientView.h */ = {isa = PBXFileReference; fileEncoding = 4; lastKnownFileType = sourcecode.c.h; path = GradientView.h; sourceTree = "<group>"; };
		86FF010A1A9BE644009C4661 /* GradientView.m */ = {isa = PBXFileReference; fileEncoding = 4; lastKnownFileType = sourcecode.c.objc; path = GradientView.m; sourceTree = "<group>"; };
/* End PBXFileReference section */

/* Begin PBXFrameworksBuildPhase section */
		86CFEBCC1A391E2A00D5D071 /* Frameworks */ = {
			isa = PBXFrameworksBuildPhase;
			buildActionMask = 2147483647;
			files = (
				869C55131AFE6F10008EB86A /* MessageUI.framework in Frameworks */,
				8605E6141A6EE9E7004C7E8F /* SystemConfiguration.framework in Frameworks */,
				8605E60E1A6EE9D8004C7E8F /* QuartzCore.framework in Frameworks */,
				86D860271A951D6B00CA8E23 /* OpenGLES.framework in Frameworks */,
				8605E6161A6EE9EE004C7E8F /* libz.dylib in Frameworks */,
				86D860251A951D6100CA8E23 /* libicucore.dylib in Frameworks */,
				86D860231A951D5B00CA8E23 /* libc++.dylib in Frameworks */,
				8677B1BD1A9906AE00C3733A /* GoogleMaps.framework in Frameworks */,
				86D860211A951D5100CA8E23 /* ImageIO.framework in Frameworks */,
				86D8601F1A951D4C00CA8E23 /* GLKit.framework in Frameworks */,
				86D8601D1A951D4700CA8E23 /* CoreText.framework in Frameworks */,
				86D8601B1A951D4100CA8E23 /* CoreData.framework in Frameworks */,
				86D860191A951D3C00CA8E23 /* AVFoundation.framework in Frameworks */,
				8605E61C1A6EE9FA004C7E8F /* Accounts.framework in Frameworks */,
				8605E61A1A6EE9F6004C7E8F /* Social.framework in Frameworks */,
				8605E6181A6EE9F2004C7E8F /* libsqlite3.dylib in Frameworks */,
				8605E6121A6EE9E1004C7E8F /* StoreKit.framework in Frameworks */,
				86A6A6561A93A25B00EDC774 /* ParseUI.framework in Frameworks */,
				8605E6101A6EE9DD004C7E8F /* Security.framework in Frameworks */,
				86DDA0C21A85925A00C537F0 /* Bolts.framework in Frameworks */,
				8605E60C1A6EE9D2004C7E8F /* MobileCoreServices.framework in Frameworks */,
				86DDA0C31A85925A00C537F0 /* Parse.framework in Frameworks */,
				8605E60A1A6EE9C8004C7E8F /* CoreGraphics.framework in Frameworks */,
				8605E6081A6EE9C3004C7E8F /* CFNetwork.framework in Frameworks */,
				8605E6061A6EE9BE004C7E8F /* AudioToolbox.framework in Frameworks */,
			);
			runOnlyForDeploymentPostprocessing = 0;
		};
		86CFEBE51A391E2A00D5D071 /* Frameworks */ = {
			isa = PBXFrameworksBuildPhase;
			buildActionMask = 2147483647;
			files = (
			);
			runOnlyForDeploymentPostprocessing = 0;
		};
/* End PBXFrameworksBuildPhase section */

/* Begin PBXGroup section */
		8605E6001A6EE979004C7E8F /* Frameworks */ = {
			isa = PBXGroup;
			children = (
				869C55121AFE6F10008EB86A /* MessageUI.framework */,
				86D860261A951D6B00CA8E23 /* OpenGLES.framework */,
				86D860241A951D6100CA8E23 /* libicucore.dylib */,
				86D860221A951D5B00CA8E23 /* libc++.dylib */,
				86D860201A951D5100CA8E23 /* ImageIO.framework */,
				86D8601E1A951D4C00CA8E23 /* GLKit.framework */,
				86D8601C1A951D4700CA8E23 /* CoreText.framework */,
				86D8601A1A951D4100CA8E23 /* CoreData.framework */,
				86D860181A951D3C00CA8E23 /* AVFoundation.framework */,
				8605E61B1A6EE9FA004C7E8F /* Accounts.framework */,
				8605E6191A6EE9F6004C7E8F /* Social.framework */,
				8605E6171A6EE9F2004C7E8F /* libsqlite3.dylib */,
				8605E6151A6EE9EE004C7E8F /* libz.dylib */,
				8605E6131A6EE9E7004C7E8F /* SystemConfiguration.framework */,
				8605E6111A6EE9E1004C7E8F /* StoreKit.framework */,
				8605E60F1A6EE9DD004C7E8F /* Security.framework */,
				8605E60D1A6EE9D8004C7E8F /* QuartzCore.framework */,
				8605E60B1A6EE9D2004C7E8F /* MobileCoreServices.framework */,
				8605E6091A6EE9C8004C7E8F /* CoreGraphics.framework */,
				8605E6071A6EE9C3004C7E8F /* CFNetwork.framework */,
				8605E6051A6EE9BE004C7E8F /* AudioToolbox.framework */,
			);
			name = Frameworks;
			path = Ping2/Frameworks;
			sourceTree = "<group>";
		};
		86079D9C1AAE3A740027BE2F /* Settings/Login */ = {
			isa = PBXGroup;
			children = (
				8677B2D11A991F6100C3733A /* SettingsViewController.h */,
				8677B2D21A991F6100C3733A /* SettingsViewController.m */,
				8677B2911A990FB900C3733A /* LoginViewController.h */,
				8677B2921A990FB900C3733A /* LoginViewController.m */,
				8677B2991A990FB900C3733A /* NewUserViewController.h */,
				8677B29A1A990FB900C3733A /* NewUserViewController.m */,
				8677B29B1A990FB900C3733A /* SignInViewController.h */,
				8677B29C1A990FB900C3733A /* SignInViewController.m */,
				86EACEBA1B14FC51001C6CF8 /* AboutViewController.h */,
				86EACEBB1B14FC51001C6CF8 /* AboutViewController.m */,
			);
			name = Settings/Login;
			sourceTree = "<group>";
		};
		86079D9D1AAE3AC20027BE2F /* New Event */ = {
			isa = PBXGroup;
			children = (
				86FF01091A9BE644009C4661 /* GradientView.h */,
				86FF010A1A9BE644009C4661 /* GradientView.m */,
				8677B2971A990FB900C3733A /* NewEventView.h */,
				8677B2981A990FB900C3733A /* NewEventView.m */,
				86BDBC4D1AF046BC00E815F5 /* BlurbCalloutViewController.h */,
				86BDBC4E1AF046BC00E815F5 /* BlurbCalloutViewController.m */,
			);
			name = "New Event";
			sourceTree = "<group>";
		};
		86079D9E1AAE3BA10027BE2F /* Friend Adding */ = {
			isa = PBXGroup;
			children = (
				8670EA691AFA46B700BA60FA /* GroupAddTableViewController.h */,
				8670EA6A1AFA46B700BA60FA /* GroupAddTableViewController.m */,
				86C003161A9E981E0069FA8F /* SearchFriendViewController.h */,
				86C003171A9E981E0069FA8F /* SearchFriendViewController.m */,
				8677B27F1A990FB900C3733A /* ContactsTableViewController.h */,
				8677B2801A990FB900C3733A /* ContactsTableViewController.m */,
				8677B28D1A990FB900C3733A /* InviteFriendTableViewController.h */,
				8677B28E1A990FB900C3733A /* InviteFriendTableViewController.m */,
				869C76A31AA2627700153A4C /* AddFriendTableViewController.h */,
				869C76A41AA2627700153A4C /* AddFriendTableViewController.m */,
				86B70B4C1AF959E4004824E9 /* NewGroupViewController.h */,
				86B70B4D1AF959E4004824E9 /* NewGroupViewController.m */,
			);
			name = "Friend Adding";
			sourceTree = "<group>";
		};
		86079D9F1AAE3BC60027BE2F /* Map/Annotations */ = {
			isa = PBXGroup;
			children = (
				8677B2811A990FB900C3733A /* CalloutViewController.h */,
				8677B2821A990FB900C3733A /* CalloutViewController.m */,
				8677B2891A990FB900C3733A /* FriendAnnotation.h */,
				8677B28A1A990FB900C3733A /* FriendAnnotation.m */,
				8677B28B1A990FB900C3733A /* FriendAnnotationView.h */,
				8677B28C1A990FB900C3733A /* FriendAnnotationView.m */,
				8677B2931A990FB900C3733A /* MapViewController.h */,
				8677B2941A990FB900C3733A /* MapViewController.m */,
				8677B29D1A990FB900C3733A /* UserAnnotation.h */,
				8677B29E1A990FB900C3733A /* UserAnnotation.m */,
			);
			name = Map/Annotations;
			sourceTree = "<group>";
		};
		8677B2751A990FB900C3733A /* Ketch */ = {
			isa = PBXGroup;
			children = (
				8670EA6C1AFAC46E00BA60FA /* GSTouchesShowingWindow.h */,
				8670EA6D1AFAC46E00BA60FA /* GSTouchesShowingWindow.m */,
				8670EA6E1AFAC46E00BA60FA /* GSTouchImage@2x.png */,
				8677B2761A990FB900C3733A /* AppDelegate.h */,
				8677B2771A990FB900C3733A /* AppDelegate.m */,
				8677B2781A990FB900C3733A /* LaunchScreen.xib */,
				86D9EE641AEEA89F004BC761 /* CoolBar.xib */,
				86D9EE661AEEA8F4004BC761 /* CoolBar.h */,
				86D9EE671AEEA8F4004BC761 /* CoolBar.m */,
				8677B27A1A990FB900C3733A /* Main.storyboard */,
				8677B27C1A990FB900C3733A /* NewEventView.xib */,
				8677B27E1A990FB900C3733A /* Classes */,
				8677B29F1A990FB900C3733A /* Images */,
				8677B2A51A990FB900C3733A /* Images.xcassets */,
				8677B2A61A990FB900C3733A /* Info.plist */,
				8677B2A71A990FB900C3733A /* main.m */,
				8677B2A81A990FB900C3733A /* WYPopoverController.h */,
				8677B2A91A990FB900C3733A /* WYPopoverController.m */,
				8677B2AA1A990FB900C3733A /* WYStoryboardPopoverSegue.h */,
				8677B2AB1A990FB900C3733A /* WYStoryboardPopoverSegue.m */,
			);
			path = Ketch;
			sourceTree = "<group>";
		};
		8677B27E1A990FB900C3733A /* Classes */ = {
			isa = PBXGroup;
			children = (
				86079D9D1AAE3AC20027BE2F /* New Event */,
				86079D9E1AAE3BA10027BE2F /* Friend Adding */,
				86CA22F31A9A98F3009A81E1 /* ContactUtilities.h */,
				86CA22F41A9A98F3009A81E1 /* ContactUtilities.m */,
				86079D9F1AAE3BC60027BE2F /* Map/Annotations */,
				8677B2851A990FB900C3733A /* CustomGMSMarker.h */,
				8677B2861A990FB900C3733A /* CustomGMSMarker.m */,
				8677B28F1A990FB900C3733A /* LeftToRightSegue.h */,
				8677B2901A990FB900C3733A /* LeftToRightSegue.m */,
				86079D9C1AAE3A740027BE2F /* Settings/Login */,
			);
			path = Classes;
			sourceTree = "<group>";
		};
		8677B29F1A990FB900C3733A /* Images */ = {
			isa = PBXGroup;
			children = (
				86BDBC551AF0646100E815F5 /* filledspeech95.png */,
				86BDBC531AF0542500E815F5 /* speech95.png */,
				86BDBC481AF0308600E815F5 /* message30.png */,
				8676CB841AAE75F9002CAB2A /* close@3x.png */,
				869C76A81AA2686E00153A4C /* greenindicator.png */,
				869C769E1AA260D200153A4C /* chevron1.png */,
				8677B2A01A990FB900C3733A /* ma_leftArrow.png */,
				8677B2A11A990FB900C3733A /* ma_leftArrow@2x.png */,
				8677B2A21A990FB900C3733A /* ma_rightArrow.png */,
				8677B2A31A990FB900C3733A /* ma_rightArrow@2x.png */,
				8677B2A41A990FB900C3733A /* ma_topBackground.png */,
			);
			path = Images;
			sourceTree = "<group>";
		};
		8677B2AC1A990FB900C3733A /* KetchTests */ = {
			isa = PBXGroup;
			children = (
				8677B2CF1A990FD700C3733A /* KetchTests.m */,
				8677B2AD1A990FB900C3733A /* Info.plist */,
			);
			path = KetchTests;
			sourceTree = "<group>";
		};
		86CFEBC61A391E2A00D5D071 = {
			isa = PBXGroup;
			children = (
				8677B1BA1A9906AE00C3733A /* GoogleMaps.bundle */,
				8677B1BB1A9906AE00C3733A /* GoogleMaps.framework */,
				86DDA0C01A85925A00C537F0 /* Parse.framework */,
				86DDA0BF1A85925A00C537F0 /* Bolts.framework */,
				86A6A6551A93A25B00EDC774 /* ParseUI.framework */,
				86D9EE691AEEE351004BC761 /* FLKAutoLayout */,
				8605E6001A6EE979004C7E8F /* Frameworks */,
				86CFEBD01A391E2A00D5D071 /* Products */,
				8677B2751A990FB900C3733A /* Ketch */,
				8677B2AC1A990FB900C3733A /* KetchTests */,
			);
			sourceTree = "<group>";
		};
		86CFEBD01A391E2A00D5D071 /* Products */ = {
			isa = PBXGroup;
			children = (
				86CFEBCF1A391E2A00D5D071 /* Ketch.app */,
				86CFEBE81A391E2A00D5D071 /* KetchTests.xctest */,
			);
			name = Products;
			sourceTree = "<group>";
		};
		86D9EE691AEEE351004BC761 /* FLKAutoLayout */ = {
			isa = PBXGroup;
			children = (
				86D9EE6A1AEEE351004BC761 /* FLKAutoLayoutPredicateList.h */,
				86D9EE6B1AEEE351004BC761 /* FLKAutoLayoutPredicateList.m */,
				86D9EE6E1AEEE351004BC761 /* UIView+FLKAutoLayout.h */,
				86D9EE6F1AEEE351004BC761 /* UIView+FLKAutoLayout.m */,
				86D9EE721AEEE351004BC761 /* UIView+FLKAutoLayoutPredicate.h */,
				86D9EE731AEEE351004BC761 /* UIView+FLKAutoLayoutPredicate.m */,
			);
			path = FLKAutoLayout;
			sourceTree = "<group>";
		};
/* End PBXGroup section */

/* Begin PBXNativeTarget section */
		86CFEBCE1A391E2A00D5D071 /* Ketch */ = {
			isa = PBXNativeTarget;
			buildConfigurationList = 86CFEBF21A391E2A00D5D071 /* Build configuration list for PBXNativeTarget "Ketch" */;
			buildPhases = (
				86CFEBCB1A391E2A00D5D071 /* Sources */,
				86CFEBCC1A391E2A00D5D071 /* Frameworks */,
				86CFEBCD1A391E2A00D5D071 /* Resources */,
			);
			buildRules = (
			);
			dependencies = (
			);
			name = Ketch;
			productName = Ping2;
			productReference = 86CFEBCF1A391E2A00D5D071 /* Ketch.app */;
			productType = "com.apple.product-type.application";
		};
		86CFEBE71A391E2A00D5D071 /* KetchTests */ = {
			isa = PBXNativeTarget;
			buildConfigurationList = 86CFEBF51A391E2A00D5D071 /* Build configuration list for PBXNativeTarget "KetchTests" */;
			buildPhases = (
				86CFEBE41A391E2A00D5D071 /* Sources */,
				86CFEBE51A391E2A00D5D071 /* Frameworks */,
				86CFEBE61A391E2A00D5D071 /* Resources */,
			);
			buildRules = (
			);
			dependencies = (
				86CFEBEA1A391E2A00D5D071 /* PBXTargetDependency */,
			);
			name = KetchTests;
			productName = Ping2Tests;
			productReference = 86CFEBE81A391E2A00D5D071 /* KetchTests.xctest */;
			productType = "com.apple.product-type.bundle.unit-test";
		};
/* End PBXNativeTarget section */

/* Begin PBXProject section */
		86CFEBC71A391E2A00D5D071 /* Project object */ = {
			isa = PBXProject;
			attributes = {
				LastUpgradeCheck = 0610;
				ORGANIZATIONNAME = "Andy Bayer";
				TargetAttributes = {
					86CFEBCE1A391E2A00D5D071 = {
						CreatedOnToolsVersion = 6.1.1;
						DevelopmentTeam = 23U6U945X5;
					};
					86CFEBE71A391E2A00D5D071 = {
						CreatedOnToolsVersion = 6.1.1;
						TestTargetID = 86CFEBCE1A391E2A00D5D071;
					};
				};
			};
			buildConfigurationList = 86CFEBCA1A391E2A00D5D071 /* Build configuration list for PBXProject "Ketch" */;
			compatibilityVersion = "Xcode 3.2";
			developmentRegion = English;
			hasScannedForEncodings = 0;
			knownRegions = (
				en,
				Base,
			);
			mainGroup = 86CFEBC61A391E2A00D5D071;
			productRefGroup = 86CFEBD01A391E2A00D5D071 /* Products */;
			projectDirPath = "";
			projectRoot = "";
			targets = (
				86CFEBCE1A391E2A00D5D071 /* Ketch */,
				86CFEBE71A391E2A00D5D071 /* KetchTests */,
			);
		};
/* End PBXProject section */

/* Begin PBXResourcesBuildPhase section */
		86CFEBCD1A391E2A00D5D071 /* Resources */ = {
			isa = PBXResourcesBuildPhase;
			buildActionMask = 2147483647;
			files = (
				8676CB851AAE75F9002CAB2A /* close@3x.png in Resources */,
				8677B2C51A990FB900C3733A /* ma_rightArrow.png in Resources */,
				8677B2C81A990FB900C3733A /* Images.xcassets in Resources */,
				8677B2B21A990FB900C3733A /* NewEventView.xib in Resources */,
				8677B2C71A990FB900C3733A /* ma_topBackground.png in Resources */,
				86BDBC541AF0542500E815F5 /* speech95.png in Resources */,
				8677B2B11A990FB900C3733A /* Main.storyboard in Resources */,
				869C76A91AA2686E00153A4C /* greenindicator.png in Resources */,
				8677B2C31A990FB900C3733A /* ma_leftArrow.png in Resources */,
				86BDBC561AF0646100E815F5 /* filledspeech95.png in Resources */,
				8677B2B01A990FB900C3733A /* LaunchScreen.xib in Resources */,
				8677B1BC1A9906AE00C3733A /* GoogleMaps.bundle in Resources */,
				86BDBC491AF0308600E815F5 /* message30.png in Resources */,
				8677B2CD1A990FB900C3733A /* Info.plist in Resources */,
				8677B2C91A990FB900C3733A /* Info.plist in Resources */,
				8677B2C41A990FB900C3733A /* ma_leftArrow@2x.png in Resources */,
				8670EA701AFAC46E00BA60FA /* GSTouchImage@2x.png in Resources */,
				869C769F1AA260D200153A4C /* chevron1.png in Resources */,
				86D9EE651AEEA89F004BC761 /* CoolBar.xib in Resources */,
				8677B2C61A990FB900C3733A /* ma_rightArrow@2x.png in Resources */,
			);
			runOnlyForDeploymentPostprocessing = 0;
		};
		86CFEBE61A391E2A00D5D071 /* Resources */ = {
			isa = PBXResourcesBuildPhase;
			buildActionMask = 2147483647;
			files = (
			);
			runOnlyForDeploymentPostprocessing = 0;
		};
/* End PBXResourcesBuildPhase section */

/* Begin PBXSourcesBuildPhase section */
		86CFEBCB1A391E2A00D5D071 /* Sources */ = {
			isa = PBXSourcesBuildPhase;
			buildActionMask = 2147483647;
			files = (
				8670EA6B1AFA46B700BA60FA /* GroupAddTableViewController.m in Sources */,
				86BDBC4F1AF046BC00E815F5 /* BlurbCalloutViewController.m in Sources */,
				86D9EE741AEEE351004BC761 /* FLKAutoLayoutPredicateList.m in Sources */,
				8677B2BB1A990FB900C3733A /* LeftToRightSegue.m in Sources */,
				8677B2BF1A990FB900C3733A /* NewEventView.m in Sources */,
				869C76A51AA2627700153A4C /* AddFriendTableViewController.m in Sources */,
				8677B2C11A990FB900C3733A /* SignInViewController.m in Sources */,
				8677B2AF1A990FB900C3733A /* AppDelegate.m in Sources */,
				8677B2C01A990FB900C3733A /* NewUserViewController.m in Sources */,
				8677B2CB1A990FB900C3733A /* WYPopoverController.m in Sources */,
				8677B2D31A991F6100C3733A /* SettingsViewController.m in Sources */,
				8677B2C21A990FB900C3733A /* UserAnnotation.m in Sources */,
				86D9EE761AEEE351004BC761 /* UIView+FLKAutoLayout.m in Sources */,
				8677B2B41A990FB900C3733A /* CalloutViewController.m in Sources */,
				8677B2BD1A990FB900C3733A /* MapViewController.m in Sources */,
				8677B2B31A990FB900C3733A /* ContactsTableViewController.m in Sources */,
				86D9EE781AEEE351004BC761 /* UIView+FLKAutoLayoutPredicate.m in Sources */,
				8677B2B81A990FB900C3733A /* FriendAnnotation.m in Sources */,
				8677B2B61A990FB900C3733A /* CustomGMSMarker.m in Sources */,
				86CA22F51A9A98F3009A81E1 /* ContactUtilities.m in Sources */,
				86D9EE681AEEA8F4004BC761 /* CoolBar.m in Sources */,
				86C003181A9E981E0069FA8F /* SearchFriendViewController.m in Sources */,
				8677B2CC1A990FB900C3733A /* WYStoryboardPopoverSegue.m in Sources */,
				8677B2BA1A990FB900C3733A /* InviteFriendTableViewController.m in Sources */,
				8677B2BC1A990FB900C3733A /* LoginViewController.m in Sources */,
				8670EA6F1AFAC46E00BA60FA /* GSTouchesShowingWindow.m in Sources */,
				86EACEBC1B14FC51001C6CF8 /* AboutViewController.m in Sources */,
				8677B2CA1A990FB900C3733A /* main.m in Sources */,
				86FF010B1A9BE644009C4661 /* GradientView.m in Sources */,
				86B70B4E1AF959E4004824E9 /* NewGroupViewController.m in Sources */,
				8677B2B91A990FB900C3733A /* FriendAnnotationView.m in Sources */,
			);
			runOnlyForDeploymentPostprocessing = 0;
		};
		86CFEBE41A391E2A00D5D071 /* Sources */ = {
			isa = PBXSourcesBuildPhase;
			buildActionMask = 2147483647;
			files = (
				8677B2D01A990FD700C3733A /* KetchTests.m in Sources */,
			);
			runOnlyForDeploymentPostprocessing = 0;
		};
/* End PBXSourcesBuildPhase section */

/* Begin PBXTargetDependency section */
		86CFEBEA1A391E2A00D5D071 /* PBXTargetDependency */ = {
			isa = PBXTargetDependency;
			target = 86CFEBCE1A391E2A00D5D071 /* Ketch */;
			targetProxy = 86CFEBE91A391E2A00D5D071 /* PBXContainerItemProxy */;
		};
/* End PBXTargetDependency section */

/* Begin PBXVariantGroup section */
		8677B2781A990FB900C3733A /* LaunchScreen.xib */ = {
			isa = PBXVariantGroup;
			children = (
				8677B2791A990FB900C3733A /* Base */,
			);
			name = LaunchScreen.xib;
			sourceTree = "<group>";
		};
		8677B27A1A990FB900C3733A /* Main.storyboard */ = {
			isa = PBXVariantGroup;
			children = (
				8677B27B1A990FB900C3733A /* Base */,
			);
			name = Main.storyboard;
			sourceTree = "<group>";
		};
		8677B27C1A990FB900C3733A /* NewEventView.xib */ = {
			isa = PBXVariantGroup;
			children = (
				8677B27D1A990FB900C3733A /* Base */,
			);
			name = NewEventView.xib;
			sourceTree = "<group>";
		};
/* End PBXVariantGroup section */

/* Begin XCBuildConfiguration section */
		86CFEBF01A391E2A00D5D071 /* Debug */ = {
			isa = XCBuildConfiguration;
			buildSettings = {
				ALWAYS_SEARCH_USER_PATHS = NO;
				CLANG_CXX_LANGUAGE_STANDARD = "gnu++0x";
				CLANG_CXX_LIBRARY = "libc++";
				CLANG_ENABLE_MODULES = YES;
				CLANG_ENABLE_OBJC_ARC = YES;
				CLANG_WARN_BOOL_CONVERSION = YES;
				CLANG_WARN_CONSTANT_CONVERSION = YES;
				CLANG_WARN_DIRECT_OBJC_ISA_USAGE = YES_ERROR;
				CLANG_WARN_EMPTY_BODY = YES;
				CLANG_WARN_ENUM_CONVERSION = YES;
				CLANG_WARN_INT_CONVERSION = YES;
				CLANG_WARN_OBJC_ROOT_CLASS = YES_ERROR;
				CLANG_WARN_UNREACHABLE_CODE = YES;
				CLANG_WARN__DUPLICATE_METHOD_MATCH = YES;
				CODE_SIGN_IDENTITY = "iPhone Distribution: Andy Bayer (23U6U945X5)";
				"CODE_SIGN_IDENTITY[sdk=iphoneos*]" = "iPhone Distribution: Andy Bayer (23U6U945X5)";
				COPY_PHASE_STRIP = NO;
				ENABLE_STRICT_OBJC_MSGSEND = YES;
				FRAMEWORK_SEARCH_PATHS = "$(SRCROOT)";
				GCC_C_LANGUAGE_STANDARD = gnu99;
				GCC_DYNAMIC_NO_PIC = NO;
				GCC_OPTIMIZATION_LEVEL = 0;
				GCC_PREPROCESSOR_DEFINITIONS = (
					"DEBUG=1",
					"$(inherited)",
				);
				GCC_SYMBOLS_PRIVATE_EXTERN = NO;
				GCC_WARN_64_TO_32_BIT_CONVERSION = YES;
				GCC_WARN_ABOUT_RETURN_TYPE = YES_ERROR;
				GCC_WARN_UNDECLARED_SELECTOR = YES;
				GCC_WARN_UNINITIALIZED_AUTOS = YES_AGGRESSIVE;
				GCC_WARN_UNUSED_FUNCTION = YES;
				GCC_WARN_UNUSED_VARIABLE = YES;
				IPHONEOS_DEPLOYMENT_TARGET = 8.1;
				MTL_ENABLE_DEBUG_INFO = YES;
				ONLY_ACTIVE_ARCH = YES;
				"OTHER_LDFLAGS[arch=*]" = (
					"-all_load",
					"-ObjC",
				);
				PROVISIONING_PROFILE = "";
				SDKROOT = iphoneos;
			};
			name = Debug;
		};
		86CFEBF11A391E2A00D5D071 /* Release */ = {
			isa = XCBuildConfiguration;
			buildSettings = {
				ALWAYS_SEARCH_USER_PATHS = NO;
				CLANG_CXX_LANGUAGE_STANDARD = "gnu++0x";
				CLANG_CXX_LIBRARY = "libc++";
				CLANG_ENABLE_MODULES = YES;
				CLANG_ENABLE_OBJC_ARC = YES;
				CLANG_WARN_BOOL_CONVERSION = YES;
				CLANG_WARN_CONSTANT_CONVERSION = YES;
				CLANG_WARN_DIRECT_OBJC_ISA_USAGE = YES_ERROR;
				CLANG_WARN_EMPTY_BODY = YES;
				CLANG_WARN_ENUM_CONVERSION = YES;
				CLANG_WARN_INT_CONVERSION = YES;
				CLANG_WARN_OBJC_ROOT_CLASS = YES_ERROR;
				CLANG_WARN_UNREACHABLE_CODE = YES;
				CLANG_WARN__DUPLICATE_METHOD_MATCH = YES;
				CODE_SIGN_IDENTITY = "iPhone Distribution: Andy Bayer (23U6U945X5)";
				"CODE_SIGN_IDENTITY[sdk=iphoneos*]" = "iPhone Developer: Andy Bayer (VJGPJ4383Q)";
				COPY_PHASE_STRIP = YES;
				ENABLE_NS_ASSERTIONS = NO;
				ENABLE_STRICT_OBJC_MSGSEND = YES;
				FRAMEWORK_SEARCH_PATHS = "$(SRCROOT)";
				GCC_C_LANGUAGE_STANDARD = gnu99;
				GCC_WARN_64_TO_32_BIT_CONVERSION = YES;
				GCC_WARN_ABOUT_RETURN_TYPE = YES_ERROR;
				GCC_WARN_UNDECLARED_SELECTOR = YES;
				GCC_WARN_UNINITIALIZED_AUTOS = YES_AGGRESSIVE;
				GCC_WARN_UNUSED_FUNCTION = YES;
				GCC_WARN_UNUSED_VARIABLE = YES;
				IPHONEOS_DEPLOYMENT_TARGET = 8.1;
				MTL_ENABLE_DEBUG_INFO = NO;
				"OTHER_LDFLAGS[arch=*]" = (
					"-all_load",
					"-ObjC",
				);
				PROVISIONING_PROFILE = "";
				SDKROOT = iphoneos;
				VALIDATE_PRODUCT = YES;
			};
			name = Release;
		};
		86CFEBF31A391E2A00D5D071 /* Debug */ = {
			isa = XCBuildConfiguration;
			buildSettings = {
				ASSETCATALOG_COMPILER_APPICON_NAME = AppIcon;
				CODE_SIGN_IDENTITY = "iPhone Developer";
				"CODE_SIGN_IDENTITY[sdk=iphoneos*]" = "iPhone Developer";
				FRAMEWORK_SEARCH_PATHS = (
					"$(inherited)",
					"$(PROJECT_DIR)/Ping2/Frameworks",
					"$(PROJECT_DIR)",
					"(1)",
					"$(SRCROOT)/",
					"(2)",
					"(2)",
					"/Users/andybayer/Downloads/parse-library-1.6.2",
					"(2)",
					2,
					"/Users/andybayer/Downloads/parse-library-1.6.2",
					"(3)",
					"/Users/andybayer/Downloads/GoogleMaps-iOS-1.9.2",
					"/Users/andybayer/Downloads/GoogleMaps-iOS-1.9.2/GoogleMaps.framework/Versions",
					"/Users/andybayer/Downloads/GoogleMaps-iOS-1.9.2",
					2,
					"/Users/andybayer/Downloads/GoogleMaps-iOS-1.9.2",
					2/GoogleMaps.framework/Versions,
				);
				INFOPLIST_FILE = "$(SRCROOT)/Ketch/Info.plist";
				LD_RUNPATH_SEARCH_PATHS = "$(inherited) @executable_path/Frameworks";
				PRODUCT_NAME = Ketch;
				PROVISIONING_PROFILE = "";
				TARGETED_DEVICE_FAMILY = 1;
			};
			name = Debug;
		};
		86CFEBF41A391E2A00D5D071 /* Release */ = {
			isa = XCBuildConfiguration;
			buildSettings = {
				ASSETCATALOG_COMPILER_APPICON_NAME = AppIcon;
				CODE_SIGN_IDENTITY = "iPhone Developer";
				"CODE_SIGN_IDENTITY[sdk=iphoneos*]" = "iPhone Developer";
				FRAMEWORK_SEARCH_PATHS = (
					"$(inherited)",
					"$(PROJECT_DIR)/Ping2/Frameworks",
					"$(PROJECT_DIR)",
					"(1)",
					"$(SRCROOT)/",
					"(2)",
					"(2)",
					"/Users/andybayer/Downloads/parse-library-1.6.2",
					"(2)",
					2,
					"/Users/andybayer/Downloads/parse-library-1.6.2",
					"(3)",
					"/Users/andybayer/Downloads/GoogleMaps-iOS-1.9.2",
					"/Users/andybayer/Downloads/GoogleMaps-iOS-1.9.2/GoogleMaps.framework/Versions",
					"/Users/andybayer/Downloads/GoogleMaps-iOS-1.9.2",
					2,
					"/Users/andybayer/Downloads/GoogleMaps-iOS-1.9.2",
					2/GoogleMaps.framework/Versions,
				);
				INFOPLIST_FILE = "$(SRCROOT)/Ketch/Info.plist";
				LD_RUNPATH_SEARCH_PATHS = "$(inherited) @executable_path/Frameworks";
				PRODUCT_NAME = Ketch;
				PROVISIONING_PROFILE = "";
				TARGETED_DEVICE_FAMILY = 1;
			};
			name = Release;
		};
		86CFEBF61A391E2A00D5D071 /* Debug */ = {
			isa = XCBuildConfiguration;
			buildSettings = {
				BUNDLE_LOADER = "$(TEST_HOST)";
				FRAMEWORK_SEARCH_PATHS = (
					"$(SDKROOT)/Developer/Library/Frameworks",
					"$(inherited)",
				);
				GCC_PREPROCESSOR_DEFINITIONS = (
					"DEBUG=1",
					"$(inherited)",
				);
				INFOPLIST_FILE = KetchTests/Info.plist;
				LD_RUNPATH_SEARCH_PATHS = "$(inherited) @executable_path/Frameworks @loader_path/Frameworks";
				PRODUCT_NAME = KetchTests;
				TEST_HOST = "$(BUILT_PRODUCTS_DIR)/Ping2.app/Ping2";
			};
			name = Debug;
		};
		86CFEBF71A391E2A00D5D071 /* Release */ = {
			isa = XCBuildConfiguration;
			buildSettings = {
				BUNDLE_LOADER = "$(TEST_HOST)";
				FRAMEWORK_SEARCH_PATHS = (
					"$(SDKROOT)/Developer/Library/Frameworks",
					"$(inherited)",
				);
				INFOPLIST_FILE = KetchTests/Info.plist;
				LD_RUNPATH_SEARCH_PATHS = "$(inherited) @executable_path/Frameworks @loader_path/Frameworks";
				PRODUCT_NAME = KetchTests;
				TEST_HOST = "$(BUILT_PRODUCTS_DIR)/Ping2.app/Ping2";
			};
			name = Release;
		};
/* End XCBuildConfiguration section */

/* Begin XCConfigurationList section */
		86CFEBCA1A391E2A00D5D071 /* Build configuration list for PBXProject "Ketch" */ = {
			isa = XCConfigurationList;
			buildConfigurations = (
				86CFEBF01A391E2A00D5D071 /* Debug */,
				86CFEBF11A391E2A00D5D071 /* Release */,
			);
			defaultConfigurationIsVisible = 0;
			defaultConfigurationName = Release;
		};
		86CFEBF21A391E2A00D5D071 /* Build configuration list for PBXNativeTarget "Ketch" */ = {
			isa = XCConfigurationList;
			buildConfigurations = (
				86CFEBF31A391E2A00D5D071 /* Debug */,
				86CFEBF41A391E2A00D5D071 /* Release */,
			);
			defaultConfigurationIsVisible = 0;
			defaultConfigurationName = Release;
		};
		86CFEBF51A391E2A00D5D071 /* Build configuration list for PBXNativeTarget "KetchTests" */ = {
			isa = XCConfigurationList;
			buildConfigurations = (
				86CFEBF61A391E2A00D5D071 /* Debug */,
				86CFEBF71A391E2A00D5D071 /* Release */,
			);
			defaultConfigurationIsVisible = 0;
			defaultConfigurationName = Release;
		};
/* End XCConfigurationList section */
	};
	rootObject = 86CFEBC71A391E2A00D5D071 /* Project object */;
}
